// !$*UTF8*$!
{
	archiveVersion = 1;
	classes = {
	};
	objectVersion = 56;
	objects = {

/* Begin PBXBuildFile section */
		3F4F3CC72C7FA455007126F7 /* AppDelegate.swift in Sources */ = {isa = PBXBuildFile; fileRef = 3F4F3CC62C7FA455007126F7 /* AppDelegate.swift */; };
		3F4F3CC92C7FA455007126F7 /* SceneDelegate.swift in Sources */ = {isa = PBXBuildFile; fileRef = 3F4F3CC82C7FA455007126F7 /* SceneDelegate.swift */; };
		3F4F3CCB2C7FA455007126F7 /* ViewController.swift in Sources */ = {isa = PBXBuildFile; fileRef = 3F4F3CCA2C7FA455007126F7 /* ViewController.swift */; };
		3F4F3CCE2C7FA455007126F7 /* Base in Resources */ = {isa = PBXBuildFile; fileRef = 3F4F3CCD2C7FA455007126F7 /* Base */; };
		3F4F3CD02C7FA457007126F7 /* Assets.xcassets in Resources */ = {isa = PBXBuildFile; fileRef = 3F4F3CCF2C7FA457007126F7 /* Assets.xcassets */; };
		3F4F3CD32C7FA457007126F7 /* Base in Resources */ = {isa = PBXBuildFile; fileRef = 3F4F3CD22C7FA457007126F7 /* Base */; };
		3F4F3CDE2C7FA459007126F7 /* LostPhoneJerryGTests.swift in Sources */ = {isa = PBXBuildFile; fileRef = 3F4F3CDD2C7FA459007126F7 /* LostPhoneJerryGTests.swift */; };
		3F4F3CE82C7FA459007126F7 /* LostPhoneJerryGUITests.swift in Sources */ = {isa = PBXBuildFile; fileRef = 3F4F3CE72C7FA459007126F7 /* LostPhoneJerryGUITests.swift */; };
		3F4F3CEA2C7FA459007126F7 /* LostPhoneJerryGUITestsLaunchTests.swift in Sources */ = {isa = PBXBuildFile; fileRef = 3F4F3CE92C7FA459007126F7 /* LostPhoneJerryGUITestsLaunchTests.swift */; };
/* End PBXBuildFile section */

/* Begin PBXContainerItemProxy section */
		3F4F3CDA2C7FA459007126F7 /* PBXContainerItemProxy */ = {
			isa = PBXContainerItemProxy;
			containerPortal = 3F4F3CBB2C7FA455007126F7 /* Project object */;
			proxyType = 1;
			remoteGlobalIDString = 3F4F3CC22C7FA455007126F7;
			remoteInfo = LostPhoneJerryG;
		};
		3F4F3CE42C7FA459007126F7 /* PBXContainerItemProxy */ = {
			isa = PBXContainerItemProxy;
			containerPortal = 3F4F3CBB2C7FA455007126F7 /* Project object */;
			proxyType = 1;
			remoteGlobalIDString = 3F4F3CC22C7FA455007126F7;
			remoteInfo = LostPhoneJerryG;
		};
/* End PBXContainerItemProxy section */

/* Begin PBXFileReference section */
		3F4F3CC32C7FA455007126F7 /* LostPhoneJerryG.app */ = {isa = PBXFileReference; explicitFileType = wrapper.application; includeInIndex = 0; path = LostPhoneJerryG.app; sourceTree = BUILT_PRODUCTS_DIR; };
		3F4F3CC62C7FA455007126F7 /* AppDelegate.swift */ = {isa = PBXFileReference; lastKnownFileType = sourcecode.swift; path = AppDelegate.swift; sourceTree = "<group>"; };
		3F4F3CC82C7FA455007126F7 /* SceneDelegate.swift */ = {isa = PBXFileReference; lastKnownFileType = sourcecode.swift; path = SceneDelegate.swift; sourceTree = "<group>"; };
		3F4F3CCA2C7FA455007126F7 /* ViewController.swift */ = {isa = PBXFileReference; lastKnownFileType = sourcecode.swift; path = ViewController.swift; sourceTree = "<group>"; };
		3F4F3CCD2C7FA455007126F7 /* Base */ = {isa = PBXFileReference; lastKnownFileType = file.storyboard; name = Base; path = Base.lproj/Main.storyboard; sourceTree = "<group>"; };
		3F4F3CCF2C7FA457007126F7 /* Assets.xcassets */ = {isa = PBXFileReference; lastKnownFileType = folder.assetcatalog; path = Assets.xcassets; sourceTree = "<group>"; };
		3F4F3CD22C7FA457007126F7 /* Base */ = {isa = PBXFileReference; lastKnownFileType = file.storyboard; name = Base; path = Base.lproj/LaunchScreen.storyboard; sourceTree = "<group>"; };
		3F4F3CD42C7FA457007126F7 /* Info.plist */ = {isa = PBXFileReference; lastKnownFileType = text.plist.xml; path = Info.plist; sourceTree = "<group>"; };
		3F4F3CD92C7FA459007126F7 /* LostPhoneJerryGTests.xctest */ = {isa = PBXFileReference; explicitFileType = wrapper.cfbundle; includeInIndex = 0; path = LostPhoneJerryGTests.xctest; sourceTree = BUILT_PRODUCTS_DIR; };
		3F4F3CDD2C7FA459007126F7 /* LostPhoneJerryGTests.swift */ = {isa = PBXFileReference; lastKnownFileType = sourcecode.swift; path = LostPhoneJerryGTests.swift; sourceTree = "<group>"; };
		3F4F3CE32C7FA459007126F7 /* LostPhoneJerryGUITests.xctest */ = {isa = PBXFileReference; explicitFileType = wrapper.cfbundle; includeInIndex = 0; path = LostPhoneJerryGUITests.xctest; sourceTree = BUILT_PRODUCTS_DIR; };
		3F4F3CE72C7FA459007126F7 /* LostPhoneJerryGUITests.swift */ = {isa = PBXFileReference; lastKnownFileType = sourcecode.swift; path = LostPhoneJerryGUITests.swift; sourceTree = "<group>"; };
		3F4F3CE92C7FA459007126F7 /* LostPhoneJerryGUITestsLaunchTests.swift */ = {isa = PBXFileReference; lastKnownFileType = sourcecode.swift; path = LostPhoneJerryGUITestsLaunchTests.swift; sourceTree = "<group>"; };
/* End PBXFileReference section */

/* Begin PBXFrameworksBuildPhase section */
		3F4F3CC02C7FA455007126F7 /* Frameworks */ = {
			isa = PBXFrameworksBuildPhase;
			buildActionMask = 2147483647;
			files = (
			);
			runOnlyForDeploymentPostprocessing = 0;
		};
		3F4F3CD62C7FA459007126F7 /* Frameworks */ = {
			isa = PBXFrameworksBuildPhase;
			buildActionMask = 2147483647;
			files = (
			);
			runOnlyForDeploymentPostprocessing = 0;
		};
		3F4F3CE02C7FA459007126F7 /* Frameworks */ = {
			isa = PBXFrameworksBuildPhase;
			buildActionMask = 2147483647;
			files = (
			);
			runOnlyForDeploymentPostprocessing = 0;
		};
/* End PBXFrameworksBuildPhase section */

/* Begin PBXGroup section */
		3F4F3CBA2C7FA455007126F7 = {
			isa = PBXGroup;
			children = (
				3F4F3CC52C7FA455007126F7 /* LostPhoneJerryG */,
				3F4F3CDC2C7FA459007126F7 /* LostPhoneJerryGTests */,
				3F4F3CE62C7FA459007126F7 /* LostPhoneJerryGUITests */,
				3F4F3CC42C7FA455007126F7 /* Products */,
			);
			sourceTree = "<group>";
		};
		3F4F3CC42C7FA455007126F7 /* Products */ = {
			isa = PBXGroup;
			children = (
				3F4F3CC32C7FA455007126F7 /* LostPhoneJerryG.app */,
				3F4F3CD92C7FA459007126F7 /* LostPhoneJerryGTests.xctest */,
				3F4F3CE32C7FA459007126F7 /* LostPhoneJerryGUITests.xctest */,
			);
			name = Products;
			sourceTree = "<group>";
		};
		3F4F3CC52C7FA455007126F7 /* LostPhoneJerryG */ = {
			isa = PBXGroup;
			children = (
				3F4F3CC62C7FA455007126F7 /* AppDelegate.swift */,
				3F4F3CC82C7FA455007126F7 /* SceneDelegate.swift */,
				3F4F3CCA2C7FA455007126F7 /* ViewController.swift */,
				3F4F3CCC2C7FA455007126F7 /* Main.storyboard */,
				3F4F3CCF2C7FA457007126F7 /* Assets.xcassets */,
				3F4F3CD12C7FA457007126F7 /* LaunchScreen.storyboard */,
				3F4F3CD42C7FA457007126F7 /* Info.plist */,
			);
			path = LostPhoneJerryG;
			sourceTree = "<group>";
		};
		3F4F3CDC2C7FA459007126F7 /* LostPhoneJerryGTests */ = {
			isa = PBXGroup;
			children = (
				3F4F3CDD2C7FA459007126F7 /* LostPhoneJerryGTests.swift */,
			);
			path = LostPhoneJerryGTests;
			sourceTree = "<group>";
		};
		3F4F3CE62C7FA459007126F7 /* LostPhoneJerryGUITests */ = {
			isa = PBXGroup;
			children = (
				3F4F3CE72C7FA459007126F7 /* LostPhoneJerryGUITests.swift */,
				3F4F3CE92C7FA459007126F7 /* LostPhoneJerryGUITestsLaunchTests.swift */,
			);
			path = LostPhoneJerryGUITests;
			sourceTree = "<group>";
		};
/* End PBXGroup section */

/* Begin PBXNativeTarget section */
		3F4F3CC22C7FA455007126F7 /* LostPhoneJerryG */ = {
			isa = PBXNativeTarget;
			buildConfigurationList = 3F4F3CED2C7FA459007126F7 /* Build configuration list for PBXNativeTarget "LostPhoneJerryG" */;
			buildPhases = (
				3F4F3CBF2C7FA455007126F7 /* Sources */,
				3F4F3CC02C7FA455007126F7 /* Frameworks */,
				3F4F3CC12C7FA455007126F7 /* Resources */,
			);
			buildRules = (
			);
			dependencies = (
			);
			name = LostPhoneJerryG;
			productName = LostPhoneJerryG;
			productReference = 3F4F3CC32C7FA455007126F7 /* LostPhoneJerryG.app */;
			productType = "com.apple.product-type.application";
		};
		3F4F3CD82C7FA459007126F7 /* LostPhoneJerryGTests */ = {
			isa = PBXNativeTarget;
			buildConfigurationList = 3F4F3CF02C7FA459007126F7 /* Build configuration list for PBXNativeTarget "LostPhoneJerryGTests" */;
			buildPhases = (
				3F4F3CD52C7FA459007126F7 /* Sources */,
				3F4F3CD62C7FA459007126F7 /* Frameworks */,
				3F4F3CD72C7FA459007126F7 /* Resources */,
			);
			buildRules = (
			);
			dependencies = (
				3F4F3CDB2C7FA459007126F7 /* PBXTargetDependency */,
			);
			name = LostPhoneJerryGTests;
			productName = LostPhoneJerryGTests;
			productReference = 3F4F3CD92C7FA459007126F7 /* LostPhoneJerryGTests.xctest */;
			productType = "com.apple.product-type.bundle.unit-test";
		};
		3F4F3CE22C7FA459007126F7 /* LostPhoneJerryGUITests */ = {
			isa = PBXNativeTarget;
			buildConfigurationList = 3F4F3CF32C7FA459007126F7 /* Build configuration list for PBXNativeTarget "LostPhoneJerryGUITests" */;
			buildPhases = (
				3F4F3CDF2C7FA459007126F7 /* Sources */,
				3F4F3CE02C7FA459007126F7 /* Frameworks */,
				3F4F3CE12C7FA459007126F7 /* Resources */,
			);
			buildRules = (
			);
			dependencies = (
				3F4F3CE52C7FA459007126F7 /* PBXTargetDependency */,
			);
			name = LostPhoneJerryGUITests;
			productName = LostPhoneJerryGUITests;
			productReference = 3F4F3CE32C7FA459007126F7 /* LostPhoneJerryGUITests.xctest */;
			productType = "com.apple.product-type.bundle.ui-testing";
		};
/* End PBXNativeTarget section */

/* Begin PBXProject section */
		3F4F3CBB2C7FA455007126F7 /* Project object */ = {
			isa = PBXProject;
			attributes = {
				BuildIndependentTargetsInParallel = 1;
				LastSwiftUpdateCheck = 1540;
				LastUpgradeCheck = 1540;
				TargetAttributes = {
					3F4F3CC22C7FA455007126F7 = {
						CreatedOnToolsVersion = 15.4;
					};
					3F4F3CD82C7FA459007126F7 = {
						CreatedOnToolsVersion = 15.4;
						TestTargetID = 3F4F3CC22C7FA455007126F7;
					};
					3F4F3CE22C7FA459007126F7 = {
						CreatedOnToolsVersion = 15.4;
						TestTargetID = 3F4F3CC22C7FA455007126F7;
					};
				};
			};
			buildConfigurationList = 3F4F3CBE2C7FA455007126F7 /* Build configuration list for PBXProject "LostPhoneJerryG" */;
			compatibilityVersion = "Xcode 14.0";
			developmentRegion = en;
			hasScannedForEncodings = 0;
			knownRegions = (
				en,
				Base,
			);
			mainGroup = 3F4F3CBA2C7FA455007126F7;
			productRefGroup = 3F4F3CC42C7FA455007126F7 /* Products */;
			projectDirPath = "";
			projectRoot = "";
			targets = (
				3F4F3CC22C7FA455007126F7 /* LostPhoneJerryG */,
				3F4F3CD82C7FA459007126F7 /* LostPhoneJerryGTests */,
				3F4F3CE22C7FA459007126F7 /* LostPhoneJerryGUITests */,
			);
		};
/* End PBXProject section */

/* Begin PBXResourcesBuildPhase section */
		3F4F3CC12C7FA455007126F7 /* Resources */ = {
			isa = PBXResourcesBuildPhase;
			buildActionMask = 2147483647;
			files = (
				3F4F3CD02C7FA457007126F7 /* Assets.xcassets in Resources */,
				3F4F3CD32C7FA457007126F7 /* Base in Resources */,
				3F4F3CCE2C7FA455007126F7 /* Base in Resources */,
			);
			runOnlyForDeploymentPostprocessing = 0;
		};
		3F4F3CD72C7FA459007126F7 /* Resources */ = {
			isa = PBXResourcesBuildPhase;
			buildActionMask = 2147483647;
			files = (
			);
			runOnlyForDeploymentPostprocessing = 0;
		};
		3F4F3CE12C7FA459007126F7 /* Resources */ = {
			isa = PBXResourcesBuildPhase;
			buildActionMask = 2147483647;
			files = (
			);
			runOnlyForDeploymentPostprocessing = 0;
		};
/* End PBXResourcesBuildPhase section */

/* Begin PBXSourcesBuildPhase section */
		3F4F3CBF2C7FA455007126F7 /* Sources */ = {
			isa = PBXSourcesBuildPhase;
			buildActionMask = 2147483647;
			files = (
				3F4F3CCB2C7FA455007126F7 /* ViewController.swift in Sources */,
				3F4F3CC72C7FA455007126F7 /* AppDelegate.swift in Sources */,
				3F4F3CC92C7FA455007126F7 /* SceneDelegate.swift in Sources */,
			);
			runOnlyForDeploymentPostprocessing = 0;
		};
		3F4F3CD52C7FA459007126F7 /* Sources */ = {
			isa = PBXSourcesBuildPhase;
			buildActionMask = 2147483647;
			files = (
				3F4F3CDE2C7FA459007126F7 /* LostPhoneJerryGTests.swift in Sources */,
			);
			runOnlyForDeploymentPostprocessing = 0;
		};
		3F4F3CDF2C7FA459007126F7 /* Sources */ = {
			isa = PBXSourcesBuildPhase;
			buildActionMask = 2147483647;
			files = (
				3F4F3CEA2C7FA459007126F7 /* LostPhoneJerryGUITestsLaunchTests.swift in Sources */,
				3F4F3CE82C7FA459007126F7 /* LostPhoneJerryGUITests.swift in Sources */,
			);
			runOnlyForDeploymentPostprocessing = 0;
		};
/* End PBXSourcesBuildPhase section */

/* Begin PBXTargetDependency section */
		3F4F3CDB2C7FA459007126F7 /* PBXTargetDependency */ = {
			isa = PBXTargetDependency;
			target = 3F4F3CC22C7FA455007126F7 /* LostPhoneJerryG */;
			targetProxy = 3F4F3CDA2C7FA459007126F7 /* PBXContainerItemProxy */;
		};
		3F4F3CE52C7FA459007126F7 /* PBXTargetDependency */ = {
			isa = PBXTargetDependency;
			target = 3F4F3CC22C7FA455007126F7 /* LostPhoneJerryG */;
			targetProxy = 3F4F3CE42C7FA459007126F7 /* PBXContainerItemProxy */;
		};
/* End PBXTargetDependency section */

/* Begin PBXVariantGroup section */
		3F4F3CCC2C7FA455007126F7 /* Main.storyboard */ = {
			isa = PBXVariantGroup;
			children = (
				3F4F3CCD2C7FA455007126F7 /* Base */,
			);
			name = Main.storyboard;
			sourceTree = "<group>";
		};
		3F4F3CD12C7FA457007126F7 /* LaunchScreen.storyboard */ = {
			isa = PBXVariantGroup;
			children = (
				3F4F3CD22C7FA457007126F7 /* Base */,
			);
			name = LaunchScreen.storyboard;
			sourceTree = "<group>";
		};
/* End PBXVariantGroup section */

/* Begin XCBuildConfiguration section */
		3F4F3CEB2C7FA459007126F7 /* Debug */ = {
			isa = XCBuildConfiguration;
			buildSettings = {
				ALWAYS_SEARCH_USER_PATHS = NO;
				ASSETCATALOG_COMPILER_GENERATE_SWIFT_ASSET_SYMBOL_EXTENSIONS = YES;
				CLANG_ANALYZER_NONNULL = YES;
				CLANG_ANALYZER_NUMBER_OBJECT_CONVERSION = YES_AGGRESSIVE;
				CLANG_CXX_LANGUAGE_STANDARD = "gnu++20";
				CLANG_ENABLE_MODULES = YES;
				CLANG_ENABLE_OBJC_ARC = YES;
				CLANG_ENABLE_OBJC_WEAK = YES;
				CLANG_WARN_BLOCK_CAPTURE_AUTORELEASING = YES;
				CLANG_WARN_BOOL_CONVERSION = YES;
				CLANG_WARN_COMMA = YES;
				CLANG_WARN_CONSTANT_CONVERSION = YES;
				CLANG_WARN_DEPRECATED_OBJC_IMPLEMENTATIONS = YES;
				CLANG_WARN_DIRECT_OBJC_ISA_USAGE = YES_ERROR;
				CLANG_WARN_DOCUMENTATION_COMMENTS = YES;
				CLANG_WARN_EMPTY_BODY = YES;
				CLANG_WARN_ENUM_CONVERSION = YES;
				CLANG_WARN_INFINITE_RECURSION = YES;
				CLANG_WARN_INT_CONVERSION = YES;
				CLANG_WARN_NON_LITERAL_NULL_CONVERSION = YES;
				CLANG_WARN_OBJC_IMPLICIT_RETAIN_SELF = YES;
				CLANG_WARN_OBJC_LITERAL_CONVERSION = YES;
				CLANG_WARN_OBJC_ROOT_CLASS = YES_ERROR;
				CLANG_WARN_QUOTED_INCLUDE_IN_FRAMEWORK_HEADER = YES;
				CLANG_WARN_RANGE_LOOP_ANALYSIS = YES;
				CLANG_WARN_STRICT_PROTOTYPES = YES;
				CLANG_WARN_SUSPICIOUS_MOVE = YES;
				CLANG_WARN_UNGUARDED_AVAILABILITY = YES_AGGRESSIVE;
				CLANG_WARN_UNREACHABLE_CODE = YES;
				CLANG_WARN__DUPLICATE_METHOD_MATCH = YES;
				COPY_PHASE_STRIP = NO;
				DEBUG_INFORMATION_FORMAT = dwarf;
				ENABLE_STRICT_OBJC_MSGSEND = YES;
				ENABLE_TESTABILITY = YES;
				ENABLE_USER_SCRIPT_SANDBOXING = YES;
				GCC_C_LANGUAGE_STANDARD = gnu17;
				GCC_DYNAMIC_NO_PIC = NO;
				GCC_NO_COMMON_BLOCKS = YES;
				GCC_OPTIMIZATION_LEVEL = 0;
				GCC_PREPROCESSOR_DEFINITIONS = (
					"DEBUG=1",
					"$(inherited)",
				);
				GCC_WARN_64_TO_32_BIT_CONVERSION = YES;
				GCC_WARN_ABOUT_RETURN_TYPE = YES_ERROR;
				GCC_WARN_UNDECLARED_SELECTOR = YES;
				GCC_WARN_UNINITIALIZED_AUTOS = YES_AGGRESSIVE;
				GCC_WARN_UNUSED_FUNCTION = YES;
				GCC_WARN_UNUSED_VARIABLE = YES;
				IPHONEOS_DEPLOYMENT_TARGET = 17.5;
				LOCALIZATION_PREFERS_STRING_CATALOGS = YES;
				MTL_ENABLE_DEBUG_INFO = INCLUDE_SOURCE;
				MTL_FAST_MATH = YES;
				ONLY_ACTIVE_ARCH = YES;
				SDKROOT = iphoneos;
				SWIFT_ACTIVE_COMPILATION_CONDITIONS = "DEBUG $(inherited)";
				SWIFT_OPTIMIZATION_LEVEL = "-Onone";
			};
			name = Debug;
		};
		3F4F3CEC2C7FA459007126F7 /* Release */ = {
			isa = XCBuildConfiguration;
			buildSettings = {
				ALWAYS_SEARCH_USER_PATHS = NO;
				ASSETCATALOG_COMPILER_GENERATE_SWIFT_ASSET_SYMBOL_EXTENSIONS = YES;
				CLANG_ANALYZER_NONNULL = YES;
				CLANG_ANALYZER_NUMBER_OBJECT_CONVERSION = YES_AGGRESSIVE;
				CLANG_CXX_LANGUAGE_STANDARD = "gnu++20";
				CLANG_ENABLE_MODULES = YES;
				CLANG_ENABLE_OBJC_ARC = YES;
				CLANG_ENABLE_OBJC_WEAK = YES;
				CLANG_WARN_BLOCK_CAPTURE_AUTORELEASING = YES;
				CLANG_WARN_BOOL_CONVERSION = YES;
				CLANG_WARN_COMMA = YES;
				CLANG_WARN_CONSTANT_CONVERSION = YES;
				CLANG_WARN_DEPRECATED_OBJC_IMPLEMENTATIONS = YES;
				CLANG_WARN_DIRECT_OBJC_ISA_USAGE = YES_ERROR;
				CLANG_WARN_DOCUMENTATION_COMMENTS = YES;
				CLANG_WARN_EMPTY_BODY = YES;
				CLANG_WARN_ENUM_CONVERSION = YES;
				CLANG_WARN_INFINITE_RECURSION = YES;
				CLANG_WARN_INT_CONVERSION = YES;
				CLANG_WARN_NON_LITERAL_NULL_CONVERSION = YES;
				CLANG_WARN_OBJC_IMPLICIT_RETAIN_SELF = YES;
				CLANG_WARN_OBJC_LITERAL_CONVERSION = YES;
				CLANG_WARN_OBJC_ROOT_CLASS = YES_ERROR;
				CLANG_WARN_QUOTED_INCLUDE_IN_FRAMEWORK_HEADER = YES;
				CLANG_WARN_RANGE_LOOP_ANALYSIS = YES;
				CLANG_WARN_STRICT_PROTOTYPES = YES;
				CLANG_WARN_SUSPICIOUS_MOVE = YES;
				CLANG_WARN_UNGUARDED_AVAILABILITY = YES_AGGRESSIVE;
				CLANG_WARN_UNREACHABLE_CODE = YES;
				CLANG_WARN__DUPLICATE_METHOD_MATCH = YES;
				COPY_PHASE_STRIP = NO;
				DEBUG_INFORMATION_FORMAT = "dwarf-with-dsym";
				ENABLE_NS_ASSERTIONS = NO;
				ENABLE_STRICT_OBJC_MSGSEND = YES;
				ENABLE_USER_SCRIPT_SANDBOXING = YES;
				GCC_C_LANGUAGE_STANDARD = gnu17;
				GCC_NO_COMMON_BLOCKS = YES;
				GCC_WARN_64_TO_32_BIT_CONVERSION = YES;
				GCC_WARN_ABOUT_RETURN_TYPE = YES_ERROR;
				GCC_WARN_UNDECLARED_SELECTOR = YES;
				GCC_WARN_UNINITIALIZED_AUTOS = YES_AGGRESSIVE;
				GCC_WARN_UNUSED_FUNCTION = YES;
				GCC_WARN_UNUSED_VARIABLE = YES;
				IPHONEOS_DEPLOYMENT_TARGET = 17.5;
				LOCALIZATION_PREFERS_STRING_CATALOGS = YES;
				MTL_ENABLE_DEBUG_INFO = NO;
				MTL_FAST_MATH = YES;
				SDKROOT = iphoneos;
				SWIFT_COMPILATION_MODE = wholemodule;
				VALIDATE_PRODUCT = YES;
			};
			name = Release;
		};
		3F4F3CEE2C7FA459007126F7 /* Debug */ = {
			isa = XCBuildConfiguration;
			buildSettings = {
				ASSETCATALOG_COMPILER_APPICON_NAME = AppIcon;
				ASSETCATALOG_COMPILER_GLOBAL_ACCENT_COLOR_NAME = AccentColor;
				CODE_SIGN_STYLE = Automatic;
				CURRENT_PROJECT_VERSION = 1;
				GENERATE_INFOPLIST_FILE = YES;
				INFOPLIST_FILE = LostPhoneJerryG/Info.plist;
				INFOPLIST_KEY_UIApplicationSupportsIndirectInputEvents = YES;
				INFOPLIST_KEY_UILaunchStoryboardName = LaunchScreen;
				INFOPLIST_KEY_UIMainStoryboardFile = Main;
				INFOPLIST_KEY_UISupportedInterfaceOrientations_iPad = "UIInterfaceOrientationPortrait UIInterfaceOrientationPortraitUpsideDown UIInterfaceOrientationLandscapeLeft UIInterfaceOrientationLandscapeRight";
				INFOPLIST_KEY_UISupportedInterfaceOrientations_iPhone = "UIInterfaceOrientationPortrait UIInterfaceOrientationLandscapeLeft UIInterfaceOrientationLandscapeRight";
				LD_RUNPATH_SEARCH_PATHS = (
					"$(inherited)",
					"@executable_path/Frameworks",
				);
				MARKETING_VERSION = 1.0;
				PRODUCT_BUNDLE_IDENTIFIER = Add157.LostPhoneJerryG;
				PRODUCT_NAME = "$(TARGET_NAME)";
				SWIFT_EMIT_LOC_STRINGS = YES;
				SWIFT_VERSION = 5.0;
				TARGETED_DEVICE_FAMILY = "1,2";
			};
			name = Debug;
		};
		3F4F3CEF2C7FA459007126F7 /* Release */ = {
			isa = XCBuildConfiguration;
			buildSettings = {
				ASSETCATALOG_COMPILER_APPICON_NAME = AppIcon;
				ASSETCATALOG_COMPILER_GLOBAL_ACCENT_COLOR_NAME = AccentColor;
				CODE_SIGN_STYLE = Automatic;
				CURRENT_PROJECT_VERSION = 1;
				GENERATE_INFOPLIST_FILE = YES;
				INFOPLIST_FILE = LostPhoneJerryG/Info.plist;
				INFOPLIST_KEY_UIApplicationSupportsIndirectInputEvents = YES;
				INFOPLIST_KEY_UILaunchStoryboardName = LaunchScreen;
				INFOPLIST_KEY_UIMainStoryboardFile = Main;
				INFOPLIST_KEY_UISupportedInterfaceOrientations_iPad = "UIInterfaceOrientationPortrait UIInterfaceOrientationPortraitUpsideDown UIInterfaceOrientationLandscapeLeft UIInterfaceOrientationLandscapeRight";
				INFOPLIST_KEY_UISupportedInterfaceOrientations_iPhone = "UIInterfaceOrientationPortrait UIInterfaceOrientationLandscapeLeft UIInterfaceOrientationLandscapeRight";
				LD_RUNPATH_SEARCH_PATHS = (
					"$(inherited)",
					"@executable_path/Frameworks",
				);
				MARKETING_VERSION = 1.0;
				PRODUCT_BUNDLE_IDENTIFIER = Add157.LostPhoneJerryG;
				PRODUCT_NAME = "$(TARGET_NAME)";
				SWIFT_EMIT_LOC_STRINGS = YES;
				SWIFT_VERSION = 5.0;
				TARGETED_DEVICE_FAMILY = "1,2";
			};
			name = Release;
		};
		3F4F3CF12C7FA459007126F7 /* Debug */ = {
			isa = XCBuildConfiguration;
			buildSettings = {
				ALWAYS_EMBED_SWIFT_STANDARD_LIBRARIES = YES;
				BUNDLE_LOADER = "$(TEST_HOST)";
				CODE_SIGN_STYLE = Automatic;
				CURRENT_PROJECT_VERSION = 1;
				GENERATE_INFOPLIST_FILE = YES;
				IPHONEOS_DEPLOYMENT_TARGET = 17.5;
				MARKETING_VERSION = 1.0;
				PRODUCT_BUNDLE_IDENTIFIER = Add157.LostPhoneJerryGTests;
				PRODUCT_NAME = "$(TARGET_NAME)";
				SWIFT_EMIT_LOC_STRINGS = NO;
				SWIFT_VERSION = 5.0;
				TARGETED_DEVICE_FAMILY = "1,2";
				TEST_HOST = "$(BUILT_PRODUCTS_DIR)/LostPhoneJerryG.app/$(BUNDLE_EXECUTABLE_FOLDER_PATH)/LostPhoneJerryG";
			};
			name = Debug;
		};
		3F4F3CF22C7FA459007126F7 /* Release */ = {
			isa = XCBuildConfiguration;
			buildSettings = {
				ALWAYS_EMBED_SWIFT_STANDARD_LIBRARIES = YES;
				BUNDLE_LOADER = "$(TEST_HOST)";
				CODE_SIGN_STYLE = Automatic;
				CURRENT_PROJECT_VERSION = 1;
				GENERATE_INFOPLIST_FILE = YES;
				IPHONEOS_DEPLOYMENT_TARGET = 17.5;
				MARKETING_VERSION = 1.0;
				PRODUCT_BUNDLE_IDENTIFIER = Add157.LostPhoneJerryGTests;
				PRODUCT_NAME = "$(TARGET_NAME)";
				SWIFT_EMIT_LOC_STRINGS = NO;
				SWIFT_VERSION = 5.0;
				TARGETED_DEVICE_FAMILY = "1,2";
				TEST_HOST = "$(BUILT_PRODUCTS_DIR)/LostPhoneJerryG.app/$(BUNDLE_EXECUTABLE_FOLDER_PATH)/LostPhoneJerryG";
			};
			name = Release;
		};
		3F4F3CF42C7FA459007126F7 /* Debug */ = {
			isa = XCBuildConfiguration;
			buildSettings = {
				ALWAYS_EMBED_SWIFT_STANDARD_LIBRARIES = YES;
				CODE_SIGN_STYLE = Automatic;
				CURRENT_PROJECT_VERSION = 1;
				GENERATE_INFOPLIST_FILE = YES;
				MARKETING_VERSION = 1.0;
				PRODUCT_BUNDLE_IDENTIFIER = Add157.LostPhoneJerryGUITests;
				PRODUCT_NAME = "$(TARGET_NAME)";
				SWIFT_EMIT_LOC_STRINGS = NO;
				SWIFT_VERSION = 5.0;
				TARGETED_DEVICE_FAMILY = "1,2";
				TEST_TARGET_NAME = LostPhoneJerryG;
			};
			name = Debug;
		};
		3F4F3CF52C7FA459007126F7 /* Release */ = {
			isa = XCBuildConfiguration;
			buildSettings = {
				ALWAYS_EMBED_SWIFT_STANDARD_LIBRARIES = YES;
				CODE_SIGN_STYLE = Automatic;
				CURRENT_PROJECT_VERSION = 1;
				GENERATE_INFOPLIST_FILE = YES;
				MARKETING_VERSION = 1.0;
				PRODUCT_BUNDLE_IDENTIFIER = Add157.LostPhoneJerryGUITests;
				PRODUCT_NAME = "$(TARGET_NAME)";
				SWIFT_EMIT_LOC_STRINGS = NO;
				SWIFT_VERSION = 5.0;
				TARGETED_DEVICE_FAMILY = "1,2";
				TEST_TARGET_NAME = LostPhoneJerryG;
			};
			name = Release;
		};
/* End XCBuildConfiguration section */

/* Begin XCConfigurationList section */
		3F4F3CBE2C7FA455007126F7 /* Build configuration list for PBXProject "LostPhoneJerryG" */ = {
			isa = XCConfigurationList;
			buildConfigurations = (
				3F4F3CEB2C7FA459007126F7 /* Debug */,
				3F4F3CEC2C7FA459007126F7 /* Release */,
			);
			defaultConfigurationIsVisible = 0;
			defaultConfigurationName = Release;
		};
		3F4F3CED2C7FA459007126F7 /* Build configuration list for PBXNativeTarget "LostPhoneJerryG" */ = {
			isa = XCConfigurationList;
			buildConfigurations = (
				3F4F3CEE2C7FA459007126F7 /* Debug */,
				3F4F3CEF2C7FA459007126F7 /* Release */,
			);
			defaultConfigurationIsVisible = 0;
			defaultConfigurationName = Release;
		};
		3F4F3CF02C7FA459007126F7 /* Build configuration list for PBXNativeTarget "LostPhoneJerryGTests" */ = {
			isa = XCConfigurationList;
			buildConfigurations = (
				3F4F3CF12C7FA459007126F7 /* Debug */,
				3F4F3CF22C7FA459007126F7 /* Release */,
			);
			defaultConfigurationIsVisible = 0;
			defaultConfigurationName = Release;
		};
		3F4F3CF32C7FA459007126F7 /* Build configuration list for PBXNativeTarget "LostPhoneJerryGUITests" */ = {
			isa = XCConfigurationList;
			buildConfigurations = (
				3F4F3CF42C7FA459007126F7 /* Debug */,
				3F4F3CF52C7FA459007126F7 /* Release */,
			);
			defaultConfigurationIsVisible = 0;
			defaultConfigurationName = Release;
		};
/* End XCConfigurationList section */
	};
	rootObject = 3F4F3CBB2C7FA455007126F7 /* Project object */;
}
