// !$*UTF8*$!
{
	archiveVersion = 1;
	classes = {
	};
	objectVersion = 56;
	objects = {

/* Begin PBXBuildFile section */
		3FA22D722CC80B6000F1EC52 /* FavoriteButton.swift in Sources */ = {isa = PBXBuildFile; fileRef = 3FA22D712CC80B6000F1EC52 /* FavoriteButton.swift */; };
		3FE7D78D2CC32F7E00B2B994 /* Landmarks_JerryGApp.swift in Sources */ = {isa = PBXBuildFile; fileRef = 3FE7D78C2CC32F7E00B2B994 /* Landmarks_JerryGApp.swift */; };
		3FE7D78F2CC32F7E00B2B994 /* ContentView.swift in Sources */ = {isa = PBXBuildFile; fileRef = 3FE7D78E2CC32F7E00B2B994 /* ContentView.swift */; };
		3FE7D7912CC32F7F00B2B994 /* Assets.xcassets in Resources */ = {isa = PBXBuildFile; fileRef = 3FE7D7902CC32F7F00B2B994 /* Assets.xcassets */; };
		3FE7D7942CC32F7F00B2B994 /* Preview Assets.xcassets in Resources */ = {isa = PBXBuildFile; fileRef = 3FE7D7932CC32F7F00B2B994 /* Preview Assets.xcassets */; };
		3FE7D79B2CC332D100B2B994 /* CircleView.swift in Sources */ = {isa = PBXBuildFile; fileRef = 3FE7D79A2CC332D100B2B994 /* CircleView.swift */; };
		3FE7D79D2CC334BE00B2B994 /* MapView.swift in Sources */ = {isa = PBXBuildFile; fileRef = 3FE7D79C2CC334BE00B2B994 /* MapView.swift */; };
		3FE7D79F2CC338D400B2B994 /* landmarkData.json in Resources */ = {isa = PBXBuildFile; fileRef = 3FE7D79E2CC338D400B2B994 /* landmarkData.json */; };
		3FE7D7A12CC3399A00B2B994 /* Landmark.swift in Sources */ = {isa = PBXBuildFile; fileRef = 3FE7D7A02CC3399A00B2B994 /* Landmark.swift */; };
		3FE7D7A32CC33E3500B2B994 /* ModelData.swift in Sources */ = {isa = PBXBuildFile; fileRef = 3FE7D7A22CC33E3500B2B994 /* ModelData.swift */; };
		3FE7D7AC2CC49CCC00B2B994 /* LandmarkRow.swift in Sources */ = {isa = PBXBuildFile; fileRef = 3FE7D7AB2CC49CCC00B2B994 /* LandmarkRow.swift */; };
		3FE7D7AE2CC49E8400B2B994 /* LandmarkList.swift in Sources */ = {isa = PBXBuildFile; fileRef = 3FE7D7AD2CC49E8400B2B994 /* LandmarkList.swift */; };
		3FE7D7B02CC4A02300B2B994 /* LandmarkDetail.swift in Sources */ = {isa = PBXBuildFile; fileRef = 3FE7D7AF2CC4A02300B2B994 /* LandmarkDetail.swift */; };
/* End PBXBuildFile section */

/* Begin PBXFileReference section */
		3FA22D712CC80B6000F1EC52 /* FavoriteButton.swift */ = {isa = PBXFileReference; lastKnownFileType = sourcecode.swift; path = FavoriteButton.swift; sourceTree = "<group>"; };
		3FE7D7892CC32F7E00B2B994 /* Landmarks.JerryG.app */ = {isa = PBXFileReference; explicitFileType = wrapper.application; includeInIndex = 0; path = Landmarks.JerryG.app; sourceTree = BUILT_PRODUCTS_DIR; };
		3FE7D78C2CC32F7E00B2B994 /* Landmarks_JerryGApp.swift */ = {isa = PBXFileReference; lastKnownFileType = sourcecode.swift; path = Landmarks_JerryGApp.swift; sourceTree = "<group>"; };
		3FE7D78E2CC32F7E00B2B994 /* ContentView.swift */ = {isa = PBXFileReference; lastKnownFileType = sourcecode.swift; path = ContentView.swift; sourceTree = "<group>"; };
		3FE7D7902CC32F7F00B2B994 /* Assets.xcassets */ = {isa = PBXFileReference; lastKnownFileType = folder.assetcatalog; path = Assets.xcassets; sourceTree = "<group>"; };
		3FE7D7932CC32F7F00B2B994 /* Preview Assets.xcassets */ = {isa = PBXFileReference; lastKnownFileType = folder.assetcatalog; path = "Preview Assets.xcassets"; sourceTree = "<group>"; };
		3FE7D79A2CC332D100B2B994 /* CircleView.swift */ = {isa = PBXFileReference; lastKnownFileType = sourcecode.swift; path = CircleView.swift; sourceTree = "<group>"; };
		3FE7D79C2CC334BE00B2B994 /* MapView.swift */ = {isa = PBXFileReference; lastKnownFileType = sourcecode.swift; path = MapView.swift; sourceTree = "<group>"; };
		3FE7D79E2CC338D400B2B994 /* landmarkData.json */ = {isa = PBXFileReference; fileEncoding = 4; lastKnownFileType = text.json; path = landmarkData.json; sourceTree = "<group>"; };
		3FE7D7A02CC3399A00B2B994 /* Landmark.swift */ = {isa = PBXFileReference; lastKnownFileType = sourcecode.swift; path = Landmark.swift; sourceTree = "<group>"; };
		3FE7D7A22CC33E3500B2B994 /* ModelData.swift */ = {isa = PBXFileReference; lastKnownFileType = sourcecode.swift; path = ModelData.swift; sourceTree = "<group>"; };
		3FE7D7AB2CC49CCC00B2B994 /* LandmarkRow.swift */ = {isa = PBXFileReference; lastKnownFileType = sourcecode.swift; path = LandmarkRow.swift; sourceTree = "<group>"; };
		3FE7D7AD2CC49E8400B2B994 /* LandmarkList.swift */ = {isa = PBXFileReference; lastKnownFileType = sourcecode.swift; path = LandmarkList.swift; sourceTree = "<group>"; };
		3FE7D7AF2CC4A02300B2B994 /* LandmarkDetail.swift */ = {isa = PBXFileReference; lastKnownFileType = sourcecode.swift; path = LandmarkDetail.swift; sourceTree = "<group>"; };
/* End PBXFileReference section */

/* Begin PBXFrameworksBuildPhase section */
		3FE7D7862CC32F7E00B2B994 /* Frameworks */ = {
			isa = PBXFrameworksBuildPhase;
			buildActionMask = 2147483647;
			files = (
			);
			runOnlyForDeploymentPostprocessing = 0;
		};
/* End PBXFrameworksBuildPhase section */

/* Begin PBXGroup section */
		3FA22D732CC87D7200F1EC52 /* Landmark */ = {
			isa = PBXGroup;
			children = (
				3FE7D7AB2CC49CCC00B2B994 /* LandmarkRow.swift */,
				3FE7D7AD2CC49E8400B2B994 /* LandmarkList.swift */,
				3FE7D7AF2CC4A02300B2B994 /* LandmarkDetail.swift */,
			);
			path = Landmark;
			sourceTree = "<group>";
		};
		3FA22D742CC87E4000F1EC52 /* Helper */ = {
			isa = PBXGroup;
			children = (
				3FE7D79A2CC332D100B2B994 /* CircleView.swift */,
				3FE7D79C2CC334BE00B2B994 /* MapView.swift */,
				3FA22D712CC80B6000F1EC52 /* FavoriteButton.swift */,
			);
			path = Helper;
			sourceTree = "<group>";
		};
		3FE7D7802CC32F7E00B2B994 = {
			isa = PBXGroup;
			children = (
				3FE7D78B2CC32F7E00B2B994 /* Landmarks.JerryG */,
				3FE7D78A2CC32F7E00B2B994 /* Products */,
			);
			sourceTree = "<group>";
		};
		3FE7D78A2CC32F7E00B2B994 /* Products */ = {
			isa = PBXGroup;
			children = (
				3FE7D7892CC32F7E00B2B994 /* Landmarks.JerryG.app */,
			);
			name = Products;
			sourceTree = "<group>";
		};
		3FE7D78B2CC32F7E00B2B994 /* Landmarks.JerryG */ = {
			isa = PBXGroup;
			children = (
				3FE7D78C2CC32F7E00B2B994 /* Landmarks_JerryGApp.swift */,
				3FE7D7A42CC3428800B2B994 /* Views */,
				3FE7D7A52CC342A700B2B994 /* Resources */,
				3FE7D7A62CC342CE00B2B994 /* Model */,
				3FE7D7902CC32F7F00B2B994 /* Assets.xcassets */,
				3FE7D7922CC32F7F00B2B994 /* Preview Content */,
			);
			path = Landmarks.JerryG;
			sourceTree = "<group>";
		};
		3FE7D7922CC32F7F00B2B994 /* Preview Content */ = {
			isa = PBXGroup;
			children = (
				3FE7D7932CC32F7F00B2B994 /* Preview Assets.xcassets */,
			);
			path = "Preview Content";
			sourceTree = "<group>";
		};
		3FE7D7A42CC3428800B2B994 /* Views */ = {
			isa = PBXGroup;
			children = (
				3FE7D78E2CC32F7E00B2B994 /* ContentView.swift */,
				3FA22D742CC87E4000F1EC52 /* Helper */,
				3FA22D732CC87D7200F1EC52 /* Landmark */,
			);
			path = Views;
			sourceTree = "<group>";
		};
		3FE7D7A52CC342A700B2B994 /* Resources */ = {
			isa = PBXGroup;
			children = (
				3FE7D79E2CC338D400B2B994 /* landmarkData.json */,
			);
			path = Resources;
			sourceTree = "<group>";
		};
		3FE7D7A62CC342CE00B2B994 /* Model */ = {
			isa = PBXGroup;
			children = (
				3FE7D7A02CC3399A00B2B994 /* Landmark.swift */,
				3FE7D7A22CC33E3500B2B994 /* ModelData.swift */,
			);
			path = Model;
			sourceTree = "<group>";
		};
/* End PBXGroup section */

/* Begin PBXNativeTarget section */
		3FE7D7882CC32F7E00B2B994 /* Landmarks.JerryG */ = {
			isa = PBXNativeTarget;
			buildConfigurationList = 3FE7D7972CC32F7F00B2B994 /* Build configuration list for PBXNativeTarget "Landmarks.JerryG" */;
			buildPhases = (
				3FE7D7852CC32F7E00B2B994 /* Sources */,
				3FE7D7862CC32F7E00B2B994 /* Frameworks */,
				3FE7D7872CC32F7E00B2B994 /* Resources */,
			);
			buildRules = (
			);
			dependencies = (
			);
			name = Landmarks.JerryG;
			productName = Landmarks.JerryG;
			productReference = 3FE7D7892CC32F7E00B2B994 /* Landmarks.JerryG.app */;
			productType = "com.apple.product-type.application";
		};
/* End PBXNativeTarget section */

/* Begin PBXProject section */
		3FE7D7812CC32F7E00B2B994 /* Project object */ = {
			isa = PBXProject;
			attributes = {
				BuildIndependentTargetsInParallel = 1;
				LastSwiftUpdateCheck = 1540;
				LastUpgradeCheck = 1540;
				TargetAttributes = {
					3FE7D7882CC32F7E00B2B994 = {
						CreatedOnToolsVersion = 15.4;
					};
				};
			};
			buildConfigurationList = 3FE7D7842CC32F7E00B2B994 /* Build configuration list for PBXProject "Landmarks.JerryG" */;
			compatibilityVersion = "Xcode 14.0";
			developmentRegion = en;
			hasScannedForEncodings = 0;
			knownRegions = (
				en,
				Base,
			);
			mainGroup = 3FE7D7802CC32F7E00B2B994;
			productRefGroup = 3FE7D78A2CC32F7E00B2B994 /* Products */;
			projectDirPath = "";
			projectRoot = "";
			targets = (
				3FE7D7882CC32F7E00B2B994 /* Landmarks.JerryG */,
			);
		};
/* End PBXProject section */

/* Begin PBXResourcesBuildPhase section */
		3FE7D7872CC32F7E00B2B994 /* Resources */ = {
			isa = PBXResourcesBuildPhase;
			buildActionMask = 2147483647;
			files = (
				3FE7D7942CC32F7F00B2B994 /* Preview Assets.xcassets in Resources */,
				3FE7D7912CC32F7F00B2B994 /* Assets.xcassets in Resources */,
				3FE7D79F2CC338D400B2B994 /* landmarkData.json in Resources */,
			);
			runOnlyForDeploymentPostprocessing = 0;
		};
/* End PBXResourcesBuildPhase section */

/* Begin PBXSourcesBuildPhase section */
		3FE7D7852CC32F7E00B2B994 /* Sources */ = {
			isa = PBXSourcesBuildPhase;
			buildActionMask = 2147483647;
			files = (
				3FE7D79B2CC332D100B2B994 /* CircleView.swift in Sources */,
				3FE7D79D2CC334BE00B2B994 /* MapView.swift in Sources */,
				3FE7D78F2CC32F7E00B2B994 /* ContentView.swift in Sources */,
				3FA22D722CC80B6000F1EC52 /* FavoriteButton.swift in Sources */,
				3FE7D7AE2CC49E8400B2B994 /* LandmarkList.swift in Sources */,
				3FE7D7B02CC4A02300B2B994 /* LandmarkDetail.swift in Sources */,
				3FE7D78D2CC32F7E00B2B994 /* Landmarks_JerryGApp.swift in Sources */,
				3FE7D7A12CC3399A00B2B994 /* Landmark.swift in Sources */,
				3FE7D7AC2CC49CCC00B2B994 /* LandmarkRow.swift in Sources */,
				3FE7D7A32CC33E3500B2B994 /* ModelData.swift in Sources */,
			);
			runOnlyForDeploymentPostprocessing = 0;
		};
/* End PBXSourcesBuildPhase section */

/* Begin XCBuildConfiguration section */
		3FE7D7952CC32F7F00B2B994 /* Debug */ = {
			isa = XCBuildConfiguration;
			buildSettings = {
				ALWAYS_SEARCH_USER_PATHS = NO;
				ASSETCATALOG_COMPILER_GENERATE_SWIFT_ASSET_SYMBOL_EXTENSIONS = YES;
				CLANG_ANALYZER_NONNULL = YES;
				CLANG_ANALYZER_NUMBER_OBJECT_CONVERSION = YES_AGGRESSIVE;
				CLANG_CXX_LANGUAGE_STANDARD = "gnu++20";
				CLANG_ENABLE_MODULES = YES;
				CLANG_ENABLE_OBJC_ARC = YES;
				CLANG_ENABLE_OBJC_WEAK = YES;
				CLANG_WARN_BLOCK_CAPTURE_AUTORELEASING = YES;
				CLANG_WARN_BOOL_CONVERSION = YES;
				CLANG_WARN_COMMA = YES;
				CLANG_WARN_CONSTANT_CONVERSION = YES;
				CLANG_WARN_DEPRECATED_OBJC_IMPLEMENTATIONS = YES;
				CLANG_WARN_DIRECT_OBJC_ISA_USAGE = YES_ERROR;
				CLANG_WARN_DOCUMENTATION_COMMENTS = YES;
				CLANG_WARN_EMPTY_BODY = YES;
				CLANG_WARN_ENUM_CONVERSION = YES;
				CLANG_WARN_INFINITE_RECURSION = YES;
				CLANG_WARN_INT_CONVERSION = YES;
				CLANG_WARN_NON_LITERAL_NULL_CONVERSION = YES;
				CLANG_WARN_OBJC_IMPLICIT_RETAIN_SELF = YES;
				CLANG_WARN_OBJC_LITERAL_CONVERSION = YES;
				CLANG_WARN_OBJC_ROOT_CLASS = YES_ERROR;
				CLANG_WARN_QUOTED_INCLUDE_IN_FRAMEWORK_HEADER = YES;
				CLANG_WARN_RANGE_LOOP_ANALYSIS = YES;
				CLANG_WARN_STRICT_PROTOTYPES = YES;
				CLANG_WARN_SUSPICIOUS_MOVE = YES;
				CLANG_WARN_UNGUARDED_AVAILABILITY = YES_AGGRESSIVE;
				CLANG_WARN_UNREACHABLE_CODE = YES;
				CLANG_WARN__DUPLICATE_METHOD_MATCH = YES;
				COPY_PHASE_STRIP = NO;
				DEBUG_INFORMATION_FORMAT = dwarf;
				ENABLE_STRICT_OBJC_MSGSEND = YES;
				ENABLE_TESTABILITY = YES;
				ENABLE_USER_SCRIPT_SANDBOXING = YES;
				GCC_C_LANGUAGE_STANDARD = gnu17;
				GCC_DYNAMIC_NO_PIC = NO;
				GCC_NO_COMMON_BLOCKS = YES;
				GCC_OPTIMIZATION_LEVEL = 0;
				GCC_PREPROCESSOR_DEFINITIONS = (
					"DEBUG=1",
					"$(inherited)",
				);
				GCC_WARN_64_TO_32_BIT_CONVERSION = YES;
				GCC_WARN_ABOUT_RETURN_TYPE = YES_ERROR;
				GCC_WARN_UNDECLARED_SELECTOR = YES;
				GCC_WARN_UNINITIALIZED_AUTOS = YES_AGGRESSIVE;
				GCC_WARN_UNUSED_FUNCTION = YES;
				GCC_WARN_UNUSED_VARIABLE = YES;
				IPHONEOS_DEPLOYMENT_TARGET = 17.5;
				LOCALIZATION_PREFERS_STRING_CATALOGS = YES;
				MTL_ENABLE_DEBUG_INFO = INCLUDE_SOURCE;
				MTL_FAST_MATH = YES;
				ONLY_ACTIVE_ARCH = YES;
				SDKROOT = iphoneos;
				SWIFT_ACTIVE_COMPILATION_CONDITIONS = "DEBUG $(inherited)";
				SWIFT_OPTIMIZATION_LEVEL = "-Onone";
			};
			name = Debug;
		};
		3FE7D7962CC32F7F00B2B994 /* Release */ = {
			isa = XCBuildConfiguration;
			buildSettings = {
				ALWAYS_SEARCH_USER_PATHS = NO;
				ASSETCATALOG_COMPILER_GENERATE_SWIFT_ASSET_SYMBOL_EXTENSIONS = YES;
				CLANG_ANALYZER_NONNULL = YES;
				CLANG_ANALYZER_NUMBER_OBJECT_CONVERSION = YES_AGGRESSIVE;
				CLANG_CXX_LANGUAGE_STANDARD = "gnu++20";
				CLANG_ENABLE_MODULES = YES;
				CLANG_ENABLE_OBJC_ARC = YES;
				CLANG_ENABLE_OBJC_WEAK = YES;
				CLANG_WARN_BLOCK_CAPTURE_AUTORELEASING = YES;
				CLANG_WARN_BOOL_CONVERSION = YES;
				CLANG_WARN_COMMA = YES;
				CLANG_WARN_CONSTANT_CONVERSION = YES;
				CLANG_WARN_DEPRECATED_OBJC_IMPLEMENTATIONS = YES;
				CLANG_WARN_DIRECT_OBJC_ISA_USAGE = YES_ERROR;
				CLANG_WARN_DOCUMENTATION_COMMENTS = YES;
				CLANG_WARN_EMPTY_BODY = YES;
				CLANG_WARN_ENUM_CONVERSION = YES;
				CLANG_WARN_INFINITE_RECURSION = YES;
				CLANG_WARN_INT_CONVERSION = YES;
				CLANG_WARN_NON_LITERAL_NULL_CONVERSION = YES;
				CLANG_WARN_OBJC_IMPLICIT_RETAIN_SELF = YES;
				CLANG_WARN_OBJC_LITERAL_CONVERSION = YES;
				CLANG_WARN_OBJC_ROOT_CLASS = YES_ERROR;
				CLANG_WARN_QUOTED_INCLUDE_IN_FRAMEWORK_HEADER = YES;
				CLANG_WARN_RANGE_LOOP_ANALYSIS = YES;
				CLANG_WARN_STRICT_PROTOTYPES = YES;
				CLANG_WARN_SUSPICIOUS_MOVE = YES;
				CLANG_WARN_UNGUARDED_AVAILABILITY = YES_AGGRESSIVE;
				CLANG_WARN_UNREACHABLE_CODE = YES;
				CLANG_WARN__DUPLICATE_METHOD_MATCH = YES;
				COPY_PHASE_STRIP = NO;
				DEBUG_INFORMATION_FORMAT = "dwarf-with-dsym";
				ENABLE_NS_ASSERTIONS = NO;
				ENABLE_STRICT_OBJC_MSGSEND = YES;
				ENABLE_USER_SCRIPT_SANDBOXING = YES;
				GCC_C_LANGUAGE_STANDARD = gnu17;
				GCC_NO_COMMON_BLOCKS = YES;
				GCC_WARN_64_TO_32_BIT_CONVERSION = YES;
				GCC_WARN_ABOUT_RETURN_TYPE = YES_ERROR;
				GCC_WARN_UNDECLARED_SELECTOR = YES;
				GCC_WARN_UNINITIALIZED_AUTOS = YES_AGGRESSIVE;
				GCC_WARN_UNUSED_FUNCTION = YES;
				GCC_WARN_UNUSED_VARIABLE = YES;
				IPHONEOS_DEPLOYMENT_TARGET = 17.5;
				LOCALIZATION_PREFERS_STRING_CATALOGS = YES;
				MTL_ENABLE_DEBUG_INFO = NO;
				MTL_FAST_MATH = YES;
				SDKROOT = iphoneos;
				SWIFT_COMPILATION_MODE = wholemodule;
				VALIDATE_PRODUCT = YES;
			};
			name = Release;
		};
		3FE7D7982CC32F7F00B2B994 /* Debug */ = {
			isa = XCBuildConfiguration;
			buildSettings = {
				ASSETCATALOG_COMPILER_APPICON_NAME = AppIcon;
				ASSETCATALOG_COMPILER_GLOBAL_ACCENT_COLOR_NAME = AccentColor;
				CODE_SIGN_STYLE = Automatic;
				CURRENT_PROJECT_VERSION = 1;
				DEVELOPMENT_ASSET_PATHS = "\"Landmarks.JerryG/Preview Content\"";
				ENABLE_PREVIEWS = YES;
				GENERATE_INFOPLIST_FILE = YES;
				INFOPLIST_KEY_UIApplicationSceneManifest_Generation = YES;
				INFOPLIST_KEY_UIApplicationSupportsIndirectInputEvents = YES;
				INFOPLIST_KEY_UILaunchScreen_Generation = YES;
				INFOPLIST_KEY_UISupportedInterfaceOrientations_iPad = "UIInterfaceOrientationPortrait UIInterfaceOrientationPortraitUpsideDown UIInterfaceOrientationLandscapeLeft UIInterfaceOrientationLandscapeRight";
				INFOPLIST_KEY_UISupportedInterfaceOrientations_iPhone = "UIInterfaceOrientationPortrait UIInterfaceOrientationLandscapeLeft UIInterfaceOrientationLandscapeRight";
				LD_RUNPATH_SEARCH_PATHS = (
					"$(inherited)",
					"@executable_path/Frameworks",
				);
				MARKETING_VERSION = 1.0;
				PRODUCT_BUNDLE_IDENTIFIER = "Add157.Landmarks-JerryG";
				PRODUCT_NAME = "$(TARGET_NAME)";
				SWIFT_EMIT_LOC_STRINGS = YES;
				SWIFT_VERSION = 5.0;
				TARGETED_DEVICE_FAMILY = "1,2";
			};
			name = Debug;
		};
		3FE7D7992CC32F7F00B2B994 /* Release */ = {
			isa = XCBuildConfiguration;
			buildSettings = {
				ASSETCATALOG_COMPILER_APPICON_NAME = AppIcon;
				ASSETCATALOG_COMPILER_GLOBAL_ACCENT_COLOR_NAME = AccentColor;
				CODE_SIGN_STYLE = Automatic;
				CURRENT_PROJECT_VERSION = 1;
				DEVELOPMENT_ASSET_PATHS = "\"Landmarks.JerryG/Preview Content\"";
				ENABLE_PREVIEWS = YES;
				GENERATE_INFOPLIST_FILE = YES;
				INFOPLIST_KEY_UIApplicationSceneManifest_Generation = YES;
				INFOPLIST_KEY_UIApplicationSupportsIndirectInputEvents = YES;
				INFOPLIST_KEY_UILaunchScreen_Generation = YES;
				INFOPLIST_KEY_UISupportedInterfaceOrientations_iPad = "UIInterfaceOrientationPortrait UIInterfaceOrientationPortraitUpsideDown UIInterfaceOrientationLandscapeLeft UIInterfaceOrientationLandscapeRight";
				INFOPLIST_KEY_UISupportedInterfaceOrientations_iPhone = "UIInterfaceOrientationPortrait UIInterfaceOrientationLandscapeLeft UIInterfaceOrientationLandscapeRight";
				LD_RUNPATH_SEARCH_PATHS = (
					"$(inherited)",
					"@executable_path/Frameworks",
				);
				MARKETING_VERSION = 1.0;
				PRODUCT_BUNDLE_IDENTIFIER = "Add157.Landmarks-JerryG";
				PRODUCT_NAME = "$(TARGET_NAME)";
				SWIFT_EMIT_LOC_STRINGS = YES;
				SWIFT_VERSION = 5.0;
				TARGETED_DEVICE_FAMILY = "1,2";
			};
			name = Release;
		};
/* End XCBuildConfiguration section */

/* Begin XCConfigurationList section */
		3FE7D7842CC32F7E00B2B994 /* Build configuration list for PBXProject "Landmarks.JerryG" */ = {
			isa = XCConfigurationList;
			buildConfigurations = (
				3FE7D7952CC32F7F00B2B994 /* Debug */,
				3FE7D7962CC32F7F00B2B994 /* Release */,
			);
			defaultConfigurationIsVisible = 0;
			defaultConfigurationName = Release;
		};
		3FE7D7972CC32F7F00B2B994 /* Build configuration list for PBXNativeTarget "Landmarks.JerryG" */ = {
			isa = XCConfigurationList;
			buildConfigurations = (
				3FE7D7982CC32F7F00B2B994 /* Debug */,
				3FE7D7992CC32F7F00B2B994 /* Release */,
			);
			defaultConfigurationIsVisible = 0;
			defaultConfigurationName = Release;
		};
/* End XCConfigurationList section */
	};
	rootObject = 3FE7D7812CC32F7E00B2B994 /* Project object */;
}
