// !$*UTF8*$!
{
	archiveVersion = 1;
	classes = {
	};
	objectVersion = 56;
	objects = {

/* Begin PBXBuildFile section */
		3F3293482CAB9EF70085B504 /* AppDelegate.swift in Sources */ = {isa = PBXBuildFile; fileRef = 3F3293472CAB9EF70085B504 /* AppDelegate.swift */; };
		3F32934A2CAB9EF70085B504 /* SceneDelegate.swift in Sources */ = {isa = PBXBuildFile; fileRef = 3F3293492CAB9EF70085B504 /* SceneDelegate.swift */; };
		3F32934C2CAB9EF70085B504 /* ViewController.swift in Sources */ = {isa = PBXBuildFile; fileRef = 3F32934B2CAB9EF70085B504 /* ViewController.swift */; };
		3F32934F2CAB9EF70085B504 /* Base in Resources */ = {isa = PBXBuildFile; fileRef = 3F32934E2CAB9EF70085B504 /* Base */; };
		3F3293512CAB9EF80085B504 /* Assets.xcassets in Resources */ = {isa = PBXBuildFile; fileRef = 3F3293502CAB9EF80085B504 /* Assets.xcassets */; };
		3F3293542CAB9EF80085B504 /* Base in Resources */ = {isa = PBXBuildFile; fileRef = 3F3293532CAB9EF80085B504 /* Base */; };
		3F32935F2CAB9EFC0085B504 /* CustomAlertsApp_JerryGTests.swift in Sources */ = {isa = PBXBuildFile; fileRef = 3F32935E2CAB9EFC0085B504 /* CustomAlertsApp_JerryGTests.swift */; };
		3F3293692CAB9EFC0085B504 /* CustomAlertsApp_JerryGUITests.swift in Sources */ = {isa = PBXBuildFile; fileRef = 3F3293682CAB9EFC0085B504 /* CustomAlertsApp_JerryGUITests.swift */; };
		3F32936B2CAB9EFC0085B504 /* CustomAlertsApp_JerryGUITestsLaunchTests.swift in Sources */ = {isa = PBXBuildFile; fileRef = 3F32936A2CAB9EFC0085B504 /* CustomAlertsApp_JerryGUITestsLaunchTests.swift */; };
/* End PBXBuildFile section */

/* Begin PBXContainerItemProxy section */
		3F32935B2CAB9EFC0085B504 /* PBXContainerItemProxy */ = {
			isa = PBXContainerItemProxy;
			containerPortal = 3F32933C2CAB9EF70085B504 /* Project object */;
			proxyType = 1;
			remoteGlobalIDString = 3F3293432CAB9EF70085B504;
			remoteInfo = CustomAlertsApp.JerryG;
		};
		3F3293652CAB9EFC0085B504 /* PBXContainerItemProxy */ = {
			isa = PBXContainerItemProxy;
			containerPortal = 3F32933C2CAB9EF70085B504 /* Project object */;
			proxyType = 1;
			remoteGlobalIDString = 3F3293432CAB9EF70085B504;
			remoteInfo = CustomAlertsApp.JerryG;
		};
/* End PBXContainerItemProxy section */

/* Begin PBXFileReference section */
		3F3293442CAB9EF70085B504 /* CustomAlertsApp.JerryG.app */ = {isa = PBXFileReference; explicitFileType = wrapper.application; includeInIndex = 0; path = CustomAlertsApp.JerryG.app; sourceTree = BUILT_PRODUCTS_DIR; };
		3F3293472CAB9EF70085B504 /* AppDelegate.swift */ = {isa = PBXFileReference; lastKnownFileType = sourcecode.swift; path = AppDelegate.swift; sourceTree = "<group>"; };
		3F3293492CAB9EF70085B504 /* SceneDelegate.swift */ = {isa = PBXFileReference; lastKnownFileType = sourcecode.swift; path = SceneDelegate.swift; sourceTree = "<group>"; };
		3F32934B2CAB9EF70085B504 /* ViewController.swift */ = {isa = PBXFileReference; lastKnownFileType = sourcecode.swift; path = ViewController.swift; sourceTree = "<group>"; };
		3F32934E2CAB9EF70085B504 /* Base */ = {isa = PBXFileReference; lastKnownFileType = file.storyboard; name = Base; path = Base.lproj/Main.storyboard; sourceTree = "<group>"; };
		3F3293502CAB9EF80085B504 /* Assets.xcassets */ = {isa = PBXFileReference; lastKnownFileType = folder.assetcatalog; path = Assets.xcassets; sourceTree = "<group>"; };
		3F3293532CAB9EF80085B504 /* Base */ = {isa = PBXFileReference; lastKnownFileType = file.storyboard; name = Base; path = Base.lproj/LaunchScreen.storyboard; sourceTree = "<group>"; };
		3F3293552CAB9EF80085B504 /* Info.plist */ = {isa = PBXFileReference; lastKnownFileType = text.plist.xml; path = Info.plist; sourceTree = "<group>"; };
		3F32935A2CAB9EFC0085B504 /* CustomAlertsApp.JerryGTests.xctest */ = {isa = PBXFileReference; explicitFileType = wrapper.cfbundle; includeInIndex = 0; path = CustomAlertsApp.JerryGTests.xctest; sourceTree = BUILT_PRODUCTS_DIR; };
		3F32935E2CAB9EFC0085B504 /* CustomAlertsApp_JerryGTests.swift */ = {isa = PBXFileReference; lastKnownFileType = sourcecode.swift; path = CustomAlertsApp_JerryGTests.swift; sourceTree = "<group>"; };
		3F3293642CAB9EFC0085B504 /* CustomAlertsApp.JerryGUITests.xctest */ = {isa = PBXFileReference; explicitFileType = wrapper.cfbundle; includeInIndex = 0; path = CustomAlertsApp.JerryGUITests.xctest; sourceTree = BUILT_PRODUCTS_DIR; };
		3F3293682CAB9EFC0085B504 /* CustomAlertsApp_JerryGUITests.swift */ = {isa = PBXFileReference; lastKnownFileType = sourcecode.swift; path = CustomAlertsApp_JerryGUITests.swift; sourceTree = "<group>"; };
		3F32936A2CAB9EFC0085B504 /* CustomAlertsApp_JerryGUITestsLaunchTests.swift */ = {isa = PBXFileReference; lastKnownFileType = sourcecode.swift; path = CustomAlertsApp_JerryGUITestsLaunchTests.swift; sourceTree = "<group>"; };
/* End PBXFileReference section */

/* Begin PBXFrameworksBuildPhase section */
		3F3293412CAB9EF70085B504 /* Frameworks */ = {
			isa = PBXFrameworksBuildPhase;
			buildActionMask = 2147483647;
			files = (
			);
			runOnlyForDeploymentPostprocessing = 0;
		};
		3F3293572CAB9EFC0085B504 /* Frameworks */ = {
			isa = PBXFrameworksBuildPhase;
			buildActionMask = 2147483647;
			files = (
			);
			runOnlyForDeploymentPostprocessing = 0;
		};
		3F3293612CAB9EFC0085B504 /* Frameworks */ = {
			isa = PBXFrameworksBuildPhase;
			buildActionMask = 2147483647;
			files = (
			);
			runOnlyForDeploymentPostprocessing = 0;
		};
/* End PBXFrameworksBuildPhase section */

/* Begin PBXGroup section */
		3F32933B2CAB9EF70085B504 = {
			isa = PBXGroup;
			children = (
				3F3293462CAB9EF70085B504 /* CustomAlertsApp.JerryG */,
				3F32935D2CAB9EFC0085B504 /* CustomAlertsApp.JerryGTests */,
				3F3293672CAB9EFC0085B504 /* CustomAlertsApp.JerryGUITests */,
				3F3293452CAB9EF70085B504 /* Products */,
			);
			sourceTree = "<group>";
		};
		3F3293452CAB9EF70085B504 /* Products */ = {
			isa = PBXGroup;
			children = (
				3F3293442CAB9EF70085B504 /* CustomAlertsApp.JerryG.app */,
				3F32935A2CAB9EFC0085B504 /* CustomAlertsApp.JerryGTests.xctest */,
				3F3293642CAB9EFC0085B504 /* CustomAlertsApp.JerryGUITests.xctest */,
			);
			name = Products;
			sourceTree = "<group>";
		};
		3F3293462CAB9EF70085B504 /* CustomAlertsApp.JerryG */ = {
			isa = PBXGroup;
			children = (
				3F3293472CAB9EF70085B504 /* AppDelegate.swift */,
				3F3293492CAB9EF70085B504 /* SceneDelegate.swift */,
				3F32934B2CAB9EF70085B504 /* ViewController.swift */,
				3F32934D2CAB9EF70085B504 /* Main.storyboard */,
				3F3293502CAB9EF80085B504 /* Assets.xcassets */,
				3F3293522CAB9EF80085B504 /* LaunchScreen.storyboard */,
				3F3293552CAB9EF80085B504 /* Info.plist */,
			);
			path = CustomAlertsApp.JerryG;
			sourceTree = "<group>";
		};
		3F32935D2CAB9EFC0085B504 /* CustomAlertsApp.JerryGTests */ = {
			isa = PBXGroup;
			children = (
				3F32935E2CAB9EFC0085B504 /* CustomAlertsApp_JerryGTests.swift */,
			);
			path = CustomAlertsApp.JerryGTests;
			sourceTree = "<group>";
		};
		3F3293672CAB9EFC0085B504 /* CustomAlertsApp.JerryGUITests */ = {
			isa = PBXGroup;
			children = (
				3F3293682CAB9EFC0085B504 /* CustomAlertsApp_JerryGUITests.swift */,
				3F32936A2CAB9EFC0085B504 /* CustomAlertsApp_JerryGUITestsLaunchTests.swift */,
			);
			path = CustomAlertsApp.JerryGUITests;
			sourceTree = "<group>";
		};
/* End PBXGroup section */

/* Begin PBXNativeTarget section */
		3F3293432CAB9EF70085B504 /* CustomAlertsApp.JerryG */ = {
			isa = PBXNativeTarget;
			buildConfigurationList = 3F32936E2CAB9EFC0085B504 /* Build configuration list for PBXNativeTarget "CustomAlertsApp.JerryG" */;
			buildPhases = (
				3F3293402CAB9EF70085B504 /* Sources */,
				3F3293412CAB9EF70085B504 /* Frameworks */,
				3F3293422CAB9EF70085B504 /* Resources */,
			);
			buildRules = (
			);
			dependencies = (
			);
			name = CustomAlertsApp.JerryG;
			productName = CustomAlertsApp.JerryG;
			productReference = 3F3293442CAB9EF70085B504 /* CustomAlertsApp.JerryG.app */;
			productType = "com.apple.product-type.application";
		};
		3F3293592CAB9EFC0085B504 /* CustomAlertsApp.JerryGTests */ = {
			isa = PBXNativeTarget;
			buildConfigurationList = 3F3293712CAB9EFC0085B504 /* Build configuration list for PBXNativeTarget "CustomAlertsApp.JerryGTests" */;
			buildPhases = (
				3F3293562CAB9EFC0085B504 /* Sources */,
				3F3293572CAB9EFC0085B504 /* Frameworks */,
				3F3293582CAB9EFC0085B504 /* Resources */,
			);
			buildRules = (
			);
			dependencies = (
				3F32935C2CAB9EFC0085B504 /* PBXTargetDependency */,
			);
			name = CustomAlertsApp.JerryGTests;
			productName = CustomAlertsApp.JerryGTests;
			productReference = 3F32935A2CAB9EFC0085B504 /* CustomAlertsApp.JerryGTests.xctest */;
			productType = "com.apple.product-type.bundle.unit-test";
		};
		3F3293632CAB9EFC0085B504 /* CustomAlertsApp.JerryGUITests */ = {
			isa = PBXNativeTarget;
			buildConfigurationList = 3F3293742CAB9EFC0085B504 /* Build configuration list for PBXNativeTarget "CustomAlertsApp.JerryGUITests" */;
			buildPhases = (
				3F3293602CAB9EFC0085B504 /* Sources */,
				3F3293612CAB9EFC0085B504 /* Frameworks */,
				3F3293622CAB9EFC0085B504 /* Resources */,
			);
			buildRules = (
			);
			dependencies = (
				3F3293662CAB9EFC0085B504 /* PBXTargetDependency */,
			);
			name = CustomAlertsApp.JerryGUITests;
			productName = CustomAlertsApp.JerryGUITests;
			productReference = 3F3293642CAB9EFC0085B504 /* CustomAlertsApp.JerryGUITests.xctest */;
			productType = "com.apple.product-type.bundle.ui-testing";
		};
/* End PBXNativeTarget section */

/* Begin PBXProject section */
		3F32933C2CAB9EF70085B504 /* Project object */ = {
			isa = PBXProject;
			attributes = {
				BuildIndependentTargetsInParallel = 1;
				LastSwiftUpdateCheck = 1540;
				LastUpgradeCheck = 1540;
				TargetAttributes = {
					3F3293432CAB9EF70085B504 = {
						CreatedOnToolsVersion = 15.4;
					};
					3F3293592CAB9EFC0085B504 = {
						CreatedOnToolsVersion = 15.4;
						TestTargetID = 3F3293432CAB9EF70085B504;
					};
					3F3293632CAB9EFC0085B504 = {
						CreatedOnToolsVersion = 15.4;
						TestTargetID = 3F3293432CAB9EF70085B504;
					};
				};
			};
			buildConfigurationList = 3F32933F2CAB9EF70085B504 /* Build configuration list for PBXProject "CustomAlertsApp.JerryG" */;
			compatibilityVersion = "Xcode 14.0";
			developmentRegion = en;
			hasScannedForEncodings = 0;
			knownRegions = (
				en,
				Base,
			);
			mainGroup = 3F32933B2CAB9EF70085B504;
			productRefGroup = 3F3293452CAB9EF70085B504 /* Products */;
			projectDirPath = "";
			projectRoot = "";
			targets = (
				3F3293432CAB9EF70085B504 /* CustomAlertsApp.JerryG */,
				3F3293592CAB9EFC0085B504 /* CustomAlertsApp.JerryGTests */,
				3F3293632CAB9EFC0085B504 /* CustomAlertsApp.JerryGUITests */,
			);
		};
/* End PBXProject section */

/* Begin PBXResourcesBuildPhase section */
		3F3293422CAB9EF70085B504 /* Resources */ = {
			isa = PBXResourcesBuildPhase;
			buildActionMask = 2147483647;
			files = (
				3F3293512CAB9EF80085B504 /* Assets.xcassets in Resources */,
				3F3293542CAB9EF80085B504 /* Base in Resources */,
				3F32934F2CAB9EF70085B504 /* Base in Resources */,
			);
			runOnlyForDeploymentPostprocessing = 0;
		};
		3F3293582CAB9EFC0085B504 /* Resources */ = {
			isa = PBXResourcesBuildPhase;
			buildActionMask = 2147483647;
			files = (
			);
			runOnlyForDeploymentPostprocessing = 0;
		};
		3F3293622CAB9EFC0085B504 /* Resources */ = {
			isa = PBXResourcesBuildPhase;
			buildActionMask = 2147483647;
			files = (
			);
			runOnlyForDeploymentPostprocessing = 0;
		};
/* End PBXResourcesBuildPhase section */

/* Begin PBXSourcesBuildPhase section */
		3F3293402CAB9EF70085B504 /* Sources */ = {
			isa = PBXSourcesBuildPhase;
			buildActionMask = 2147483647;
			files = (
				3F32934C2CAB9EF70085B504 /* ViewController.swift in Sources */,
				3F3293482CAB9EF70085B504 /* AppDelegate.swift in Sources */,
				3F32934A2CAB9EF70085B504 /* SceneDelegate.swift in Sources */,
			);
			runOnlyForDeploymentPostprocessing = 0;
		};
		3F3293562CAB9EFC0085B504 /* Sources */ = {
			isa = PBXSourcesBuildPhase;
			buildActionMask = 2147483647;
			files = (
				3F32935F2CAB9EFC0085B504 /* CustomAlertsApp_JerryGTests.swift in Sources */,
			);
			runOnlyForDeploymentPostprocessing = 0;
		};
		3F3293602CAB9EFC0085B504 /* Sources */ = {
			isa = PBXSourcesBuildPhase;
			buildActionMask = 2147483647;
			files = (
				3F3293692CAB9EFC0085B504 /* CustomAlertsApp_JerryGUITests.swift in Sources */,
				3F32936B2CAB9EFC0085B504 /* CustomAlertsApp_JerryGUITestsLaunchTests.swift in Sources */,
			);
			runOnlyForDeploymentPostprocessing = 0;
		};
/* End PBXSourcesBuildPhase section */

/* Begin PBXTargetDependency section */
		3F32935C2CAB9EFC0085B504 /* PBXTargetDependency */ = {
			isa = PBXTargetDependency;
			target = 3F3293432CAB9EF70085B504 /* CustomAlertsApp.JerryG */;
			targetProxy = 3F32935B2CAB9EFC0085B504 /* PBXContainerItemProxy */;
		};
		3F3293662CAB9EFC0085B504 /* PBXTargetDependency */ = {
			isa = PBXTargetDependency;
			target = 3F3293432CAB9EF70085B504 /* CustomAlertsApp.JerryG */;
			targetProxy = 3F3293652CAB9EFC0085B504 /* PBXContainerItemProxy */;
		};
/* End PBXTargetDependency section */

/* Begin PBXVariantGroup section */
		3F32934D2CAB9EF70085B504 /* Main.storyboard */ = {
			isa = PBXVariantGroup;
			children = (
				3F32934E2CAB9EF70085B504 /* Base */,
			);
			name = Main.storyboard;
			sourceTree = "<group>";
		};
		3F3293522CAB9EF80085B504 /* LaunchScreen.storyboard */ = {
			isa = PBXVariantGroup;
			children = (
				3F3293532CAB9EF80085B504 /* Base */,
			);
			name = LaunchScreen.storyboard;
			sourceTree = "<group>";
		};
/* End PBXVariantGroup section */

/* Begin XCBuildConfiguration section */
		3F32936C2CAB9EFC0085B504 /* Debug */ = {
			isa = XCBuildConfiguration;
			buildSettings = {
				ALWAYS_SEARCH_USER_PATHS = NO;
				ASSETCATALOG_COMPILER_GENERATE_SWIFT_ASSET_SYMBOL_EXTENSIONS = YES;
				CLANG_ANALYZER_NONNULL = YES;
				CLANG_ANALYZER_NUMBER_OBJECT_CONVERSION = YES_AGGRESSIVE;
				CLANG_CXX_LANGUAGE_STANDARD = "gnu++20";
				CLANG_ENABLE_MODULES = YES;
				CLANG_ENABLE_OBJC_ARC = YES;
				CLANG_ENABLE_OBJC_WEAK = YES;
				CLANG_WARN_BLOCK_CAPTURE_AUTORELEASING = YES;
				CLANG_WARN_BOOL_CONVERSION = YES;
				CLANG_WARN_COMMA = YES;
				CLANG_WARN_CONSTANT_CONVERSION = YES;
				CLANG_WARN_DEPRECATED_OBJC_IMPLEMENTATIONS = YES;
				CLANG_WARN_DIRECT_OBJC_ISA_USAGE = YES_ERROR;
				CLANG_WARN_DOCUMENTATION_COMMENTS = YES;
				CLANG_WARN_EMPTY_BODY = YES;
				CLANG_WARN_ENUM_CONVERSION = YES;
				CLANG_WARN_INFINITE_RECURSION = YES;
				CLANG_WARN_INT_CONVERSION = YES;
				CLANG_WARN_NON_LITERAL_NULL_CONVERSION = YES;
				CLANG_WARN_OBJC_IMPLICIT_RETAIN_SELF = YES;
				CLANG_WARN_OBJC_LITERAL_CONVERSION = YES;
				CLANG_WARN_OBJC_ROOT_CLASS = YES_ERROR;
				CLANG_WARN_QUOTED_INCLUDE_IN_FRAMEWORK_HEADER = YES;
				CLANG_WARN_RANGE_LOOP_ANALYSIS = YES;
				CLANG_WARN_STRICT_PROTOTYPES = YES;
				CLANG_WARN_SUSPICIOUS_MOVE = YES;
				CLANG_WARN_UNGUARDED_AVAILABILITY = YES_AGGRESSIVE;
				CLANG_WARN_UNREACHABLE_CODE = YES;
				CLANG_WARN__DUPLICATE_METHOD_MATCH = YES;
				COPY_PHASE_STRIP = NO;
				DEBUG_INFORMATION_FORMAT = dwarf;
				ENABLE_STRICT_OBJC_MSGSEND = YES;
				ENABLE_TESTABILITY = YES;
				ENABLE_USER_SCRIPT_SANDBOXING = YES;
				GCC_C_LANGUAGE_STANDARD = gnu17;
				GCC_DYNAMIC_NO_PIC = NO;
				GCC_NO_COMMON_BLOCKS = YES;
				GCC_OPTIMIZATION_LEVEL = 0;
				GCC_PREPROCESSOR_DEFINITIONS = (
					"DEBUG=1",
					"$(inherited)",
				);
				GCC_WARN_64_TO_32_BIT_CONVERSION = YES;
				GCC_WARN_ABOUT_RETURN_TYPE = YES_ERROR;
				GCC_WARN_UNDECLARED_SELECTOR = YES;
				GCC_WARN_UNINITIALIZED_AUTOS = YES_AGGRESSIVE;
				GCC_WARN_UNUSED_FUNCTION = YES;
				GCC_WARN_UNUSED_VARIABLE = YES;
				IPHONEOS_DEPLOYMENT_TARGET = 17.5;
				LOCALIZATION_PREFERS_STRING_CATALOGS = YES;
				MTL_ENABLE_DEBUG_INFO = INCLUDE_SOURCE;
				MTL_FAST_MATH = YES;
				ONLY_ACTIVE_ARCH = YES;
				SDKROOT = iphoneos;
				SWIFT_ACTIVE_COMPILATION_CONDITIONS = "DEBUG $(inherited)";
				SWIFT_OPTIMIZATION_LEVEL = "-Onone";
			};
			name = Debug;
		};
		3F32936D2CAB9EFC0085B504 /* Release */ = {
			isa = XCBuildConfiguration;
			buildSettings = {
				ALWAYS_SEARCH_USER_PATHS = NO;
				ASSETCATALOG_COMPILER_GENERATE_SWIFT_ASSET_SYMBOL_EXTENSIONS = YES;
				CLANG_ANALYZER_NONNULL = YES;
				CLANG_ANALYZER_NUMBER_OBJECT_CONVERSION = YES_AGGRESSIVE;
				CLANG_CXX_LANGUAGE_STANDARD = "gnu++20";
				CLANG_ENABLE_MODULES = YES;
				CLANG_ENABLE_OBJC_ARC = YES;
				CLANG_ENABLE_OBJC_WEAK = YES;
				CLANG_WARN_BLOCK_CAPTURE_AUTORELEASING = YES;
				CLANG_WARN_BOOL_CONVERSION = YES;
				CLANG_WARN_COMMA = YES;
				CLANG_WARN_CONSTANT_CONVERSION = YES;
				CLANG_WARN_DEPRECATED_OBJC_IMPLEMENTATIONS = YES;
				CLANG_WARN_DIRECT_OBJC_ISA_USAGE = YES_ERROR;
				CLANG_WARN_DOCUMENTATION_COMMENTS = YES;
				CLANG_WARN_EMPTY_BODY = YES;
				CLANG_WARN_ENUM_CONVERSION = YES;
				CLANG_WARN_INFINITE_RECURSION = YES;
				CLANG_WARN_INT_CONVERSION = YES;
				CLANG_WARN_NON_LITERAL_NULL_CONVERSION = YES;
				CLANG_WARN_OBJC_IMPLICIT_RETAIN_SELF = YES;
				CLANG_WARN_OBJC_LITERAL_CONVERSION = YES;
				CLANG_WARN_OBJC_ROOT_CLASS = YES_ERROR;
				CLANG_WARN_QUOTED_INCLUDE_IN_FRAMEWORK_HEADER = YES;
				CLANG_WARN_RANGE_LOOP_ANALYSIS = YES;
				CLANG_WARN_STRICT_PROTOTYPES = YES;
				CLANG_WARN_SUSPICIOUS_MOVE = YES;
				CLANG_WARN_UNGUARDED_AVAILABILITY = YES_AGGRESSIVE;
				CLANG_WARN_UNREACHABLE_CODE = YES;
				CLANG_WARN__DUPLICATE_METHOD_MATCH = YES;
				COPY_PHASE_STRIP = NO;
				DEBUG_INFORMATION_FORMAT = "dwarf-with-dsym";
				ENABLE_NS_ASSERTIONS = NO;
				ENABLE_STRICT_OBJC_MSGSEND = YES;
				ENABLE_USER_SCRIPT_SANDBOXING = YES;
				GCC_C_LANGUAGE_STANDARD = gnu17;
				GCC_NO_COMMON_BLOCKS = YES;
				GCC_WARN_64_TO_32_BIT_CONVERSION = YES;
				GCC_WARN_ABOUT_RETURN_TYPE = YES_ERROR;
				GCC_WARN_UNDECLARED_SELECTOR = YES;
				GCC_WARN_UNINITIALIZED_AUTOS = YES_AGGRESSIVE;
				GCC_WARN_UNUSED_FUNCTION = YES;
				GCC_WARN_UNUSED_VARIABLE = YES;
				IPHONEOS_DEPLOYMENT_TARGET = 17.5;
				LOCALIZATION_PREFERS_STRING_CATALOGS = YES;
				MTL_ENABLE_DEBUG_INFO = NO;
				MTL_FAST_MATH = YES;
				SDKROOT = iphoneos;
				SWIFT_COMPILATION_MODE = wholemodule;
				VALIDATE_PRODUCT = YES;
			};
			name = Release;
		};
		3F32936F2CAB9EFC0085B504 /* Debug */ = {
			isa = XCBuildConfiguration;
			buildSettings = {
				ASSETCATALOG_COMPILER_APPICON_NAME = AppIcon;
				ASSETCATALOG_COMPILER_GLOBAL_ACCENT_COLOR_NAME = AccentColor;
				CODE_SIGN_STYLE = Automatic;
				CURRENT_PROJECT_VERSION = 1;
				GENERATE_INFOPLIST_FILE = YES;
				INFOPLIST_FILE = CustomAlertsApp.JerryG/Info.plist;
				INFOPLIST_KEY_UIApplicationSupportsIndirectInputEvents = YES;
				INFOPLIST_KEY_UILaunchStoryboardName = LaunchScreen;
				INFOPLIST_KEY_UIMainStoryboardFile = Main;
				INFOPLIST_KEY_UISupportedInterfaceOrientations_iPad = "UIInterfaceOrientationPortrait UIInterfaceOrientationPortraitUpsideDown UIInterfaceOrientationLandscapeLeft UIInterfaceOrientationLandscapeRight";
				INFOPLIST_KEY_UISupportedInterfaceOrientations_iPhone = "UIInterfaceOrientationPortrait UIInterfaceOrientationLandscapeLeft UIInterfaceOrientationLandscapeRight";
				LD_RUNPATH_SEARCH_PATHS = (
					"$(inherited)",
					"@executable_path/Frameworks",
				);
				MARKETING_VERSION = 1.0;
				PRODUCT_BUNDLE_IDENTIFIER = "Add157.CustomAlertsApp-JerryG";
				PRODUCT_NAME = "$(TARGET_NAME)";
				SWIFT_EMIT_LOC_STRINGS = YES;
				SWIFT_VERSION = 5.0;
				TARGETED_DEVICE_FAMILY = "1,2";
			};
			name = Debug;
		};
		3F3293702CAB9EFC0085B504 /* Release */ = {
			isa = XCBuildConfiguration;
			buildSettings = {
				ASSETCATALOG_COMPILER_APPICON_NAME = AppIcon;
				ASSETCATALOG_COMPILER_GLOBAL_ACCENT_COLOR_NAME = AccentColor;
				CODE_SIGN_STYLE = Automatic;
				CURRENT_PROJECT_VERSION = 1;
				GENERATE_INFOPLIST_FILE = YES;
				INFOPLIST_FILE = CustomAlertsApp.JerryG/Info.plist;
				INFOPLIST_KEY_UIApplicationSupportsIndirectInputEvents = YES;
				INFOPLIST_KEY_UILaunchStoryboardName = LaunchScreen;
				INFOPLIST_KEY_UIMainStoryboardFile = Main;
				INFOPLIST_KEY_UISupportedInterfaceOrientations_iPad = "UIInterfaceOrientationPortrait UIInterfaceOrientationPortraitUpsideDown UIInterfaceOrientationLandscapeLeft UIInterfaceOrientationLandscapeRight";
				INFOPLIST_KEY_UISupportedInterfaceOrientations_iPhone = "UIInterfaceOrientationPortrait UIInterfaceOrientationLandscapeLeft UIInterfaceOrientationLandscapeRight";
				LD_RUNPATH_SEARCH_PATHS = (
					"$(inherited)",
					"@executable_path/Frameworks",
				);
				MARKETING_VERSION = 1.0;
				PRODUCT_BUNDLE_IDENTIFIER = "Add157.CustomAlertsApp-JerryG";
				PRODUCT_NAME = "$(TARGET_NAME)";
				SWIFT_EMIT_LOC_STRINGS = YES;
				SWIFT_VERSION = 5.0;
				TARGETED_DEVICE_FAMILY = "1,2";
			};
			name = Release;
		};
		3F3293722CAB9EFC0085B504 /* Debug */ = {
			isa = XCBuildConfiguration;
			buildSettings = {
				ALWAYS_EMBED_SWIFT_STANDARD_LIBRARIES = YES;
				BUNDLE_LOADER = "$(TEST_HOST)";
				CODE_SIGN_STYLE = Automatic;
				CURRENT_PROJECT_VERSION = 1;
				GENERATE_INFOPLIST_FILE = YES;
				IPHONEOS_DEPLOYMENT_TARGET = 17.5;
				MARKETING_VERSION = 1.0;
				PRODUCT_BUNDLE_IDENTIFIER = "Add157.CustomAlertsApp-JerryGTests";
				PRODUCT_NAME = "$(TARGET_NAME)";
				SWIFT_EMIT_LOC_STRINGS = NO;
				SWIFT_VERSION = 5.0;
				TARGETED_DEVICE_FAMILY = "1,2";
				TEST_HOST = "$(BUILT_PRODUCTS_DIR)/CustomAlertsApp.JerryG.app/$(BUNDLE_EXECUTABLE_FOLDER_PATH)/CustomAlertsApp.JerryG";
			};
			name = Debug;
		};
		3F3293732CAB9EFC0085B504 /* Release */ = {
			isa = XCBuildConfiguration;
			buildSettings = {
				ALWAYS_EMBED_SWIFT_STANDARD_LIBRARIES = YES;
				BUNDLE_LOADER = "$(TEST_HOST)";
				CODE_SIGN_STYLE = Automatic;
				CURRENT_PROJECT_VERSION = 1;
				GENERATE_INFOPLIST_FILE = YES;
				IPHONEOS_DEPLOYMENT_TARGET = 17.5;
				MARKETING_VERSION = 1.0;
				PRODUCT_BUNDLE_IDENTIFIER = "Add157.CustomAlertsApp-JerryGTests";
				PRODUCT_NAME = "$(TARGET_NAME)";
				SWIFT_EMIT_LOC_STRINGS = NO;
				SWIFT_VERSION = 5.0;
				TARGETED_DEVICE_FAMILY = "1,2";
				TEST_HOST = "$(BUILT_PRODUCTS_DIR)/CustomAlertsApp.JerryG.app/$(BUNDLE_EXECUTABLE_FOLDER_PATH)/CustomAlertsApp.JerryG";
			};
			name = Release;
		};
		3F3293752CAB9EFC0085B504 /* Debug */ = {
			isa = XCBuildConfiguration;
			buildSettings = {
				ALWAYS_EMBED_SWIFT_STANDARD_LIBRARIES = YES;
				CODE_SIGN_STYLE = Automatic;
				CURRENT_PROJECT_VERSION = 1;
				GENERATE_INFOPLIST_FILE = YES;
				MARKETING_VERSION = 1.0;
				PRODUCT_BUNDLE_IDENTIFIER = "Add157.CustomAlertsApp-JerryGUITests";
				PRODUCT_NAME = "$(TARGET_NAME)";
				SWIFT_EMIT_LOC_STRINGS = NO;
				SWIFT_VERSION = 5.0;
				TARGETED_DEVICE_FAMILY = "1,2";
				TEST_TARGET_NAME = CustomAlertsApp.JerryG;
			};
			name = Debug;
		};
		3F3293762CAB9EFC0085B504 /* Release */ = {
			isa = XCBuildConfiguration;
			buildSettings = {
				ALWAYS_EMBED_SWIFT_STANDARD_LIBRARIES = YES;
				CODE_SIGN_STYLE = Automatic;
				CURRENT_PROJECT_VERSION = 1;
				GENERATE_INFOPLIST_FILE = YES;
				MARKETING_VERSION = 1.0;
				PRODUCT_BUNDLE_IDENTIFIER = "Add157.CustomAlertsApp-JerryGUITests";
				PRODUCT_NAME = "$(TARGET_NAME)";
				SWIFT_EMIT_LOC_STRINGS = NO;
				SWIFT_VERSION = 5.0;
				TARGETED_DEVICE_FAMILY = "1,2";
				TEST_TARGET_NAME = CustomAlertsApp.JerryG;
			};
			name = Release;
		};
/* End XCBuildConfiguration section */

/* Begin XCConfigurationList section */
		3F32933F2CAB9EF70085B504 /* Build configuration list for PBXProject "CustomAlertsApp.JerryG" */ = {
			isa = XCConfigurationList;
			buildConfigurations = (
				3F32936C2CAB9EFC0085B504 /* Debug */,
				3F32936D2CAB9EFC0085B504 /* Release */,
			);
			defaultConfigurationIsVisible = 0;
			defaultConfigurationName = Release;
		};
		3F32936E2CAB9EFC0085B504 /* Build configuration list for PBXNativeTarget "CustomAlertsApp.JerryG" */ = {
			isa = XCConfigurationList;
			buildConfigurations = (
				3F32936F2CAB9EFC0085B504 /* Debug */,
				3F3293702CAB9EFC0085B504 /* Release */,
			);
			defaultConfigurationIsVisible = 0;
			defaultConfigurationName = Release;
		};
		3F3293712CAB9EFC0085B504 /* Build configuration list for PBXNativeTarget "CustomAlertsApp.JerryGTests" */ = {
			isa = XCConfigurationList;
			buildConfigurations = (
				3F3293722CAB9EFC0085B504 /* Debug */,
				3F3293732CAB9EFC0085B504 /* Release */,
			);
			defaultConfigurationIsVisible = 0;
			defaultConfigurationName = Release;
		};
		3F3293742CAB9EFC0085B504 /* Build configuration list for PBXNativeTarget "CustomAlertsApp.JerryGUITests" */ = {
			isa = XCConfigurationList;
			buildConfigurations = (
				3F3293752CAB9EFC0085B504 /* Debug */,
				3F3293762CAB9EFC0085B504 /* Release */,
			);
			defaultConfigurationIsVisible = 0;
			defaultConfigurationName = Release;
		};
/* End XCConfigurationList section */
	};
	rootObject = 3F32933C2CAB9EF70085B504 /* Project object */;
}
