// !$*UTF8*$!
{
	archiveVersion = 1;
	classes = {
	};
	objectVersion = 56;
	objects = {

/* Begin PBXBuildFile section */
		3FE7D6052CB6FD5C00B2B994 /* AppDelegate.swift in Sources */ = {isa = PBXBuildFile; fileRef = 3FE7D6042CB6FD5C00B2B994 /* AppDelegate.swift */; };
		3FE7D6072CB6FD5C00B2B994 /* SceneDelegate.swift in Sources */ = {isa = PBXBuildFile; fileRef = 3FE7D6062CB6FD5C00B2B994 /* SceneDelegate.swift */; };
		3FE7D6092CB6FD5C00B2B994 /* ViewController.swift in Sources */ = {isa = PBXBuildFile; fileRef = 3FE7D6082CB6FD5C00B2B994 /* ViewController.swift */; };
		3FE7D60C2CB6FD5C00B2B994 /* Base in Resources */ = {isa = PBXBuildFile; fileRef = 3FE7D60B2CB6FD5C00B2B994 /* Base */; };
		3FE7D60E2CB6FD5D00B2B994 /* Assets.xcassets in Resources */ = {isa = PBXBuildFile; fileRef = 3FE7D60D2CB6FD5D00B2B994 /* Assets.xcassets */; };
		3FE7D6112CB6FD5D00B2B994 /* Base in Resources */ = {isa = PBXBuildFile; fileRef = 3FE7D6102CB6FD5D00B2B994 /* Base */; };
		3FE7D61C2CB6FD5D00B2B994 /* SaveMyDefaults_JerryGTests.swift in Sources */ = {isa = PBXBuildFile; fileRef = 3FE7D61B2CB6FD5D00B2B994 /* SaveMyDefaults_JerryGTests.swift */; };
		3FE7D6262CB6FD5D00B2B994 /* SaveMyDefaults_JerryGUITests.swift in Sources */ = {isa = PBXBuildFile; fileRef = 3FE7D6252CB6FD5D00B2B994 /* SaveMyDefaults_JerryGUITests.swift */; };
		3FE7D6282CB6FD5D00B2B994 /* SaveMyDefaults_JerryGUITestsLaunchTests.swift in Sources */ = {isa = PBXBuildFile; fileRef = 3FE7D6272CB6FD5D00B2B994 /* SaveMyDefaults_JerryGUITestsLaunchTests.swift */; };
		3FE7D6352CB6FFAB00B2B994 /* fenderguitar.jpeg in Resources */ = {isa = PBXBuildFile; fileRef = 3FE7D6342CB6FFAB00B2B994 /* fenderguitar.jpeg */; };
/* End PBXBuildFile section */

/* Begin PBXContainerItemProxy section */
		3FE7D6182CB6FD5D00B2B994 /* PBXContainerItemProxy */ = {
			isa = PBXContainerItemProxy;
			containerPortal = 3FE7D5F92CB6FD5C00B2B994 /* Project object */;
			proxyType = 1;
			remoteGlobalIDString = 3FE7D6002CB6FD5C00B2B994;
			remoteInfo = SaveMyDefaults.JerryG;
		};
		3FE7D6222CB6FD5D00B2B994 /* PBXContainerItemProxy */ = {
			isa = PBXContainerItemProxy;
			containerPortal = 3FE7D5F92CB6FD5C00B2B994 /* Project object */;
			proxyType = 1;
			remoteGlobalIDString = 3FE7D6002CB6FD5C00B2B994;
			remoteInfo = SaveMyDefaults.JerryG;
		};
/* End PBXContainerItemProxy section */

/* Begin PBXFileReference section */
		3FE7D6012CB6FD5C00B2B994 /* SaveMyDefaults.JerryG.app */ = {isa = PBXFileReference; explicitFileType = wrapper.application; includeInIndex = 0; path = SaveMyDefaults.JerryG.app; sourceTree = BUILT_PRODUCTS_DIR; };
		3FE7D6042CB6FD5C00B2B994 /* AppDelegate.swift */ = {isa = PBXFileReference; lastKnownFileType = sourcecode.swift; path = AppDelegate.swift; sourceTree = "<group>"; };
		3FE7D6062CB6FD5C00B2B994 /* SceneDelegate.swift */ = {isa = PBXFileReference; lastKnownFileType = sourcecode.swift; path = SceneDelegate.swift; sourceTree = "<group>"; };
		3FE7D6082CB6FD5C00B2B994 /* ViewController.swift */ = {isa = PBXFileReference; lastKnownFileType = sourcecode.swift; path = ViewController.swift; sourceTree = "<group>"; };
		3FE7D60B2CB6FD5C00B2B994 /* Base */ = {isa = PBXFileReference; lastKnownFileType = file.storyboard; name = Base; path = Base.lproj/Main.storyboard; sourceTree = "<group>"; };
		3FE7D60D2CB6FD5D00B2B994 /* Assets.xcassets */ = {isa = PBXFileReference; lastKnownFileType = folder.assetcatalog; path = Assets.xcassets; sourceTree = "<group>"; };
		3FE7D6102CB6FD5D00B2B994 /* Base */ = {isa = PBXFileReference; lastKnownFileType = file.storyboard; name = Base; path = Base.lproj/LaunchScreen.storyboard; sourceTree = "<group>"; };
		3FE7D6122CB6FD5D00B2B994 /* Info.plist */ = {isa = PBXFileReference; lastKnownFileType = text.plist.xml; path = Info.plist; sourceTree = "<group>"; };
		3FE7D6172CB6FD5D00B2B994 /* SaveMyDefaults.JerryGTests.xctest */ = {isa = PBXFileReference; explicitFileType = wrapper.cfbundle; includeInIndex = 0; path = SaveMyDefaults.JerryGTests.xctest; sourceTree = BUILT_PRODUCTS_DIR; };
		3FE7D61B2CB6FD5D00B2B994 /* SaveMyDefaults_JerryGTests.swift */ = {isa = PBXFileReference; lastKnownFileType = sourcecode.swift; path = SaveMyDefaults_JerryGTests.swift; sourceTree = "<group>"; };
		3FE7D6212CB6FD5D00B2B994 /* SaveMyDefaults.JerryGUITests.xctest */ = {isa = PBXFileReference; explicitFileType = wrapper.cfbundle; includeInIndex = 0; path = SaveMyDefaults.JerryGUITests.xctest; sourceTree = BUILT_PRODUCTS_DIR; };
		3FE7D6252CB6FD5D00B2B994 /* SaveMyDefaults_JerryGUITests.swift */ = {isa = PBXFileReference; lastKnownFileType = sourcecode.swift; path = SaveMyDefaults_JerryGUITests.swift; sourceTree = "<group>"; };
		3FE7D6272CB6FD5D00B2B994 /* SaveMyDefaults_JerryGUITestsLaunchTests.swift */ = {isa = PBXFileReference; lastKnownFileType = sourcecode.swift; path = SaveMyDefaults_JerryGUITestsLaunchTests.swift; sourceTree = "<group>"; };
		3FE7D6342CB6FFAB00B2B994 /* fenderguitar.jpeg */ = {isa = PBXFileReference; lastKnownFileType = image.jpeg; name = fenderguitar.jpeg; path = ../../fenderguitar.jpeg; sourceTree = "<group>"; };
/* End PBXFileReference section */

/* Begin PBXFrameworksBuildPhase section */
		3FE7D5FE2CB6FD5C00B2B994 /* Frameworks */ = {
			isa = PBXFrameworksBuildPhase;
			buildActionMask = 2147483647;
			files = (
			);
			runOnlyForDeploymentPostprocessing = 0;
		};
		3FE7D6142CB6FD5D00B2B994 /* Frameworks */ = {
			isa = PBXFrameworksBuildPhase;
			buildActionMask = 2147483647;
			files = (
			);
			runOnlyForDeploymentPostprocessing = 0;
		};
		3FE7D61E2CB6FD5D00B2B994 /* Frameworks */ = {
			isa = PBXFrameworksBuildPhase;
			buildActionMask = 2147483647;
			files = (
			);
			runOnlyForDeploymentPostprocessing = 0;
		};
/* End PBXFrameworksBuildPhase section */

/* Begin PBXGroup section */
		3FE7D5F82CB6FD5C00B2B994 = {
			isa = PBXGroup;
			children = (
				3FE7D6032CB6FD5C00B2B994 /* SaveMyDefaults.JerryG */,
				3FE7D61A2CB6FD5D00B2B994 /* SaveMyDefaults.JerryGTests */,
				3FE7D6242CB6FD5D00B2B994 /* SaveMyDefaults.JerryGUITests */,
				3FE7D6022CB6FD5C00B2B994 /* Products */,
			);
			sourceTree = "<group>";
		};
		3FE7D6022CB6FD5C00B2B994 /* Products */ = {
			isa = PBXGroup;
			children = (
				3FE7D6012CB6FD5C00B2B994 /* SaveMyDefaults.JerryG.app */,
				3FE7D6172CB6FD5D00B2B994 /* SaveMyDefaults.JerryGTests.xctest */,
				3FE7D6212CB6FD5D00B2B994 /* SaveMyDefaults.JerryGUITests.xctest */,
			);
			name = Products;
			sourceTree = "<group>";
		};
		3FE7D6032CB6FD5C00B2B994 /* SaveMyDefaults.JerryG */ = {
			isa = PBXGroup;
			children = (
				3FE7D6042CB6FD5C00B2B994 /* AppDelegate.swift */,
				3FE7D6062CB6FD5C00B2B994 /* SceneDelegate.swift */,
				3FE7D6082CB6FD5C00B2B994 /* ViewController.swift */,
				3FE7D60A2CB6FD5C00B2B994 /* Main.storyboard */,
				3FE7D60D2CB6FD5D00B2B994 /* Assets.xcassets */,
				3FE7D6342CB6FFAB00B2B994 /* fenderguitar.jpeg */,
				3FE7D60F2CB6FD5D00B2B994 /* LaunchScreen.storyboard */,
				3FE7D6122CB6FD5D00B2B994 /* Info.plist */,
			);
			path = SaveMyDefaults.JerryG;
			sourceTree = "<group>";
		};
		3FE7D61A2CB6FD5D00B2B994 /* SaveMyDefaults.JerryGTests */ = {
			isa = PBXGroup;
			children = (
				3FE7D61B2CB6FD5D00B2B994 /* SaveMyDefaults_JerryGTests.swift */,
			);
			path = SaveMyDefaults.JerryGTests;
			sourceTree = "<group>";
		};
		3FE7D6242CB6FD5D00B2B994 /* SaveMyDefaults.JerryGUITests */ = {
			isa = PBXGroup;
			children = (
				3FE7D6252CB6FD5D00B2B994 /* SaveMyDefaults_JerryGUITests.swift */,
				3FE7D6272CB6FD5D00B2B994 /* SaveMyDefaults_JerryGUITestsLaunchTests.swift */,
			);
			path = SaveMyDefaults.JerryGUITests;
			sourceTree = "<group>";
		};
/* End PBXGroup section */

/* Begin PBXNativeTarget section */
		3FE7D6002CB6FD5C00B2B994 /* SaveMyDefaults.JerryG */ = {
			isa = PBXNativeTarget;
			buildConfigurationList = 3FE7D62B2CB6FD5D00B2B994 /* Build configuration list for PBXNativeTarget "SaveMyDefaults.JerryG" */;
			buildPhases = (
				3FE7D5FD2CB6FD5C00B2B994 /* Sources */,
				3FE7D5FE2CB6FD5C00B2B994 /* Frameworks */,
				3FE7D5FF2CB6FD5C00B2B994 /* Resources */,
			);
			buildRules = (
			);
			dependencies = (
			);
			name = SaveMyDefaults.JerryG;
			productName = SaveMyDefaults.JerryG;
			productReference = 3FE7D6012CB6FD5C00B2B994 /* SaveMyDefaults.JerryG.app */;
			productType = "com.apple.product-type.application";
		};
		3FE7D6162CB6FD5D00B2B994 /* SaveMyDefaults.JerryGTests */ = {
			isa = PBXNativeTarget;
			buildConfigurationList = 3FE7D62E2CB6FD5D00B2B994 /* Build configuration list for PBXNativeTarget "SaveMyDefaults.JerryGTests" */;
			buildPhases = (
				3FE7D6132CB6FD5D00B2B994 /* Sources */,
				3FE7D6142CB6FD5D00B2B994 /* Frameworks */,
				3FE7D6152CB6FD5D00B2B994 /* Resources */,
			);
			buildRules = (
			);
			dependencies = (
				3FE7D6192CB6FD5D00B2B994 /* PBXTargetDependency */,
			);
			name = SaveMyDefaults.JerryGTests;
			productName = SaveMyDefaults.JerryGTests;
			productReference = 3FE7D6172CB6FD5D00B2B994 /* SaveMyDefaults.JerryGTests.xctest */;
			productType = "com.apple.product-type.bundle.unit-test";
		};
		3FE7D6202CB6FD5D00B2B994 /* SaveMyDefaults.JerryGUITests */ = {
			isa = PBXNativeTarget;
			buildConfigurationList = 3FE7D6312CB6FD5D00B2B994 /* Build configuration list for PBXNativeTarget "SaveMyDefaults.JerryGUITests" */;
			buildPhases = (
				3FE7D61D2CB6FD5D00B2B994 /* Sources */,
				3FE7D61E2CB6FD5D00B2B994 /* Frameworks */,
				3FE7D61F2CB6FD5D00B2B994 /* Resources */,
			);
			buildRules = (
			);
			dependencies = (
				3FE7D6232CB6FD5D00B2B994 /* PBXTargetDependency */,
			);
			name = SaveMyDefaults.JerryGUITests;
			productName = SaveMyDefaults.JerryGUITests;
			productReference = 3FE7D6212CB6FD5D00B2B994 /* SaveMyDefaults.JerryGUITests.xctest */;
			productType = "com.apple.product-type.bundle.ui-testing";
		};
/* End PBXNativeTarget section */

/* Begin PBXProject section */
		3FE7D5F92CB6FD5C00B2B994 /* Project object */ = {
			isa = PBXProject;
			attributes = {
				BuildIndependentTargetsInParallel = 1;
				LastSwiftUpdateCheck = 1540;
				LastUpgradeCheck = 1540;
				TargetAttributes = {
					3FE7D6002CB6FD5C00B2B994 = {
						CreatedOnToolsVersion = 15.4;
					};
					3FE7D6162CB6FD5D00B2B994 = {
						CreatedOnToolsVersion = 15.4;
						TestTargetID = 3FE7D6002CB6FD5C00B2B994;
					};
					3FE7D6202CB6FD5D00B2B994 = {
						CreatedOnToolsVersion = 15.4;
						TestTargetID = 3FE7D6002CB6FD5C00B2B994;
					};
				};
			};
			buildConfigurationList = 3FE7D5FC2CB6FD5C00B2B994 /* Build configuration list for PBXProject "SaveMyDefaults.JerryG" */;
			compatibilityVersion = "Xcode 14.0";
			developmentRegion = en;
			hasScannedForEncodings = 0;
			knownRegions = (
				en,
				Base,
			);
			mainGroup = 3FE7D5F82CB6FD5C00B2B994;
			productRefGroup = 3FE7D6022CB6FD5C00B2B994 /* Products */;
			projectDirPath = "";
			projectRoot = "";
			targets = (
				3FE7D6002CB6FD5C00B2B994 /* SaveMyDefaults.JerryG */,
				3FE7D6162CB6FD5D00B2B994 /* SaveMyDefaults.JerryGTests */,
				3FE7D6202CB6FD5D00B2B994 /* SaveMyDefaults.JerryGUITests */,
			);
		};
/* End PBXProject section */

/* Begin PBXResourcesBuildPhase section */
		3FE7D5FF2CB6FD5C00B2B994 /* Resources */ = {
			isa = PBXResourcesBuildPhase;
			buildActionMask = 2147483647;
			files = (
				3FE7D60E2CB6FD5D00B2B994 /* Assets.xcassets in Resources */,
				3FE7D6352CB6FFAB00B2B994 /* fenderguitar.jpeg in Resources */,
				3FE7D6112CB6FD5D00B2B994 /* Base in Resources */,
				3FE7D60C2CB6FD5C00B2B994 /* Base in Resources */,
			);
			runOnlyForDeploymentPostprocessing = 0;
		};
		3FE7D6152CB6FD5D00B2B994 /* Resources */ = {
			isa = PBXResourcesBuildPhase;
			buildActionMask = 2147483647;
			files = (
			);
			runOnlyForDeploymentPostprocessing = 0;
		};
		3FE7D61F2CB6FD5D00B2B994 /* Resources */ = {
			isa = PBXResourcesBuildPhase;
			buildActionMask = 2147483647;
			files = (
			);
			runOnlyForDeploymentPostprocessing = 0;
		};
/* End PBXResourcesBuildPhase section */

/* Begin PBXSourcesBuildPhase section */
		3FE7D5FD2CB6FD5C00B2B994 /* Sources */ = {
			isa = PBXSourcesBuildPhase;
			buildActionMask = 2147483647;
			files = (
				3FE7D6092CB6FD5C00B2B994 /* ViewController.swift in Sources */,
				3FE7D6052CB6FD5C00B2B994 /* AppDelegate.swift in Sources */,
				3FE7D6072CB6FD5C00B2B994 /* SceneDelegate.swift in Sources */,
			);
			runOnlyForDeploymentPostprocessing = 0;
		};
		3FE7D6132CB6FD5D00B2B994 /* Sources */ = {
			isa = PBXSourcesBuildPhase;
			buildActionMask = 2147483647;
			files = (
				3FE7D61C2CB6FD5D00B2B994 /* SaveMyDefaults_JerryGTests.swift in Sources */,
			);
			runOnlyForDeploymentPostprocessing = 0;
		};
		3FE7D61D2CB6FD5D00B2B994 /* Sources */ = {
			isa = PBXSourcesBuildPhase;
			buildActionMask = 2147483647;
			files = (
				3FE7D6282CB6FD5D00B2B994 /* SaveMyDefaults_JerryGUITestsLaunchTests.swift in Sources */,
				3FE7D6262CB6FD5D00B2B994 /* SaveMyDefaults_JerryGUITests.swift in Sources */,
			);
			runOnlyForDeploymentPostprocessing = 0;
		};
/* End PBXSourcesBuildPhase section */

/* Begin PBXTargetDependency section */
		3FE7D6192CB6FD5D00B2B994 /* PBXTargetDependency */ = {
			isa = PBXTargetDependency;
			target = 3FE7D6002CB6FD5C00B2B994 /* SaveMyDefaults.JerryG */;
			targetProxy = 3FE7D6182CB6FD5D00B2B994 /* PBXContainerItemProxy */;
		};
		3FE7D6232CB6FD5D00B2B994 /* PBXTargetDependency */ = {
			isa = PBXTargetDependency;
			target = 3FE7D6002CB6FD5C00B2B994 /* SaveMyDefaults.JerryG */;
			targetProxy = 3FE7D6222CB6FD5D00B2B994 /* PBXContainerItemProxy */;
		};
/* End PBXTargetDependency section */

/* Begin PBXVariantGroup section */
		3FE7D60A2CB6FD5C00B2B994 /* Main.storyboard */ = {
			isa = PBXVariantGroup;
			children = (
				3FE7D60B2CB6FD5C00B2B994 /* Base */,
			);
			name = Main.storyboard;
			sourceTree = "<group>";
		};
		3FE7D60F2CB6FD5D00B2B994 /* LaunchScreen.storyboard */ = {
			isa = PBXVariantGroup;
			children = (
				3FE7D6102CB6FD5D00B2B994 /* Base */,
			);
			name = LaunchScreen.storyboard;
			sourceTree = "<group>";
		};
/* End PBXVariantGroup section */

/* Begin XCBuildConfiguration section */
		3FE7D6292CB6FD5D00B2B994 /* Debug */ = {
			isa = XCBuildConfiguration;
			buildSettings = {
				ALWAYS_SEARCH_USER_PATHS = NO;
				ASSETCATALOG_COMPILER_GENERATE_SWIFT_ASSET_SYMBOL_EXTENSIONS = YES;
				CLANG_ANALYZER_NONNULL = YES;
				CLANG_ANALYZER_NUMBER_OBJECT_CONVERSION = YES_AGGRESSIVE;
				CLANG_CXX_LANGUAGE_STANDARD = "gnu++20";
				CLANG_ENABLE_MODULES = YES;
				CLANG_ENABLE_OBJC_ARC = YES;
				CLANG_ENABLE_OBJC_WEAK = YES;
				CLANG_WARN_BLOCK_CAPTURE_AUTORELEASING = YES;
				CLANG_WARN_BOOL_CONVERSION = YES;
				CLANG_WARN_COMMA = YES;
				CLANG_WARN_CONSTANT_CONVERSION = YES;
				CLANG_WARN_DEPRECATED_OBJC_IMPLEMENTATIONS = YES;
				CLANG_WARN_DIRECT_OBJC_ISA_USAGE = YES_ERROR;
				CLANG_WARN_DOCUMENTATION_COMMENTS = YES;
				CLANG_WARN_EMPTY_BODY = YES;
				CLANG_WARN_ENUM_CONVERSION = YES;
				CLANG_WARN_INFINITE_RECURSION = YES;
				CLANG_WARN_INT_CONVERSION = YES;
				CLANG_WARN_NON_LITERAL_NULL_CONVERSION = YES;
				CLANG_WARN_OBJC_IMPLICIT_RETAIN_SELF = YES;
				CLANG_WARN_OBJC_LITERAL_CONVERSION = YES;
				CLANG_WARN_OBJC_ROOT_CLASS = YES_ERROR;
				CLANG_WARN_QUOTED_INCLUDE_IN_FRAMEWORK_HEADER = YES;
				CLANG_WARN_RANGE_LOOP_ANALYSIS = YES;
				CLANG_WARN_STRICT_PROTOTYPES = YES;
				CLANG_WARN_SUSPICIOUS_MOVE = YES;
				CLANG_WARN_UNGUARDED_AVAILABILITY = YES_AGGRESSIVE;
				CLANG_WARN_UNREACHABLE_CODE = YES;
				CLANG_WARN__DUPLICATE_METHOD_MATCH = YES;
				COPY_PHASE_STRIP = NO;
				DEBUG_INFORMATION_FORMAT = dwarf;
				ENABLE_STRICT_OBJC_MSGSEND = YES;
				ENABLE_TESTABILITY = YES;
				ENABLE_USER_SCRIPT_SANDBOXING = YES;
				GCC_C_LANGUAGE_STANDARD = gnu17;
				GCC_DYNAMIC_NO_PIC = NO;
				GCC_NO_COMMON_BLOCKS = YES;
				GCC_OPTIMIZATION_LEVEL = 0;
				GCC_PREPROCESSOR_DEFINITIONS = (
					"DEBUG=1",
					"$(inherited)",
				);
				GCC_WARN_64_TO_32_BIT_CONVERSION = YES;
				GCC_WARN_ABOUT_RETURN_TYPE = YES_ERROR;
				GCC_WARN_UNDECLARED_SELECTOR = YES;
				GCC_WARN_UNINITIALIZED_AUTOS = YES_AGGRESSIVE;
				GCC_WARN_UNUSED_FUNCTION = YES;
				GCC_WARN_UNUSED_VARIABLE = YES;
				IPHONEOS_DEPLOYMENT_TARGET = 17.5;
				LOCALIZATION_PREFERS_STRING_CATALOGS = YES;
				MTL_ENABLE_DEBUG_INFO = INCLUDE_SOURCE;
				MTL_FAST_MATH = YES;
				ONLY_ACTIVE_ARCH = YES;
				SDKROOT = iphoneos;
				SWIFT_ACTIVE_COMPILATION_CONDITIONS = "DEBUG $(inherited)";
				SWIFT_OPTIMIZATION_LEVEL = "-Onone";
			};
			name = Debug;
		};
		3FE7D62A2CB6FD5D00B2B994 /* Release */ = {
			isa = XCBuildConfiguration;
			buildSettings = {
				ALWAYS_SEARCH_USER_PATHS = NO;
				ASSETCATALOG_COMPILER_GENERATE_SWIFT_ASSET_SYMBOL_EXTENSIONS = YES;
				CLANG_ANALYZER_NONNULL = YES;
				CLANG_ANALYZER_NUMBER_OBJECT_CONVERSION = YES_AGGRESSIVE;
				CLANG_CXX_LANGUAGE_STANDARD = "gnu++20";
				CLANG_ENABLE_MODULES = YES;
				CLANG_ENABLE_OBJC_ARC = YES;
				CLANG_ENABLE_OBJC_WEAK = YES;
				CLANG_WARN_BLOCK_CAPTURE_AUTORELEASING = YES;
				CLANG_WARN_BOOL_CONVERSION = YES;
				CLANG_WARN_COMMA = YES;
				CLANG_WARN_CONSTANT_CONVERSION = YES;
				CLANG_WARN_DEPRECATED_OBJC_IMPLEMENTATIONS = YES;
				CLANG_WARN_DIRECT_OBJC_ISA_USAGE = YES_ERROR;
				CLANG_WARN_DOCUMENTATION_COMMENTS = YES;
				CLANG_WARN_EMPTY_BODY = YES;
				CLANG_WARN_ENUM_CONVERSION = YES;
				CLANG_WARN_INFINITE_RECURSION = YES;
				CLANG_WARN_INT_CONVERSION = YES;
				CLANG_WARN_NON_LITERAL_NULL_CONVERSION = YES;
				CLANG_WARN_OBJC_IMPLICIT_RETAIN_SELF = YES;
				CLANG_WARN_OBJC_LITERAL_CONVERSION = YES;
				CLANG_WARN_OBJC_ROOT_CLASS = YES_ERROR;
				CLANG_WARN_QUOTED_INCLUDE_IN_FRAMEWORK_HEADER = YES;
				CLANG_WARN_RANGE_LOOP_ANALYSIS = YES;
				CLANG_WARN_STRICT_PROTOTYPES = YES;
				CLANG_WARN_SUSPICIOUS_MOVE = YES;
				CLANG_WARN_UNGUARDED_AVAILABILITY = YES_AGGRESSIVE;
				CLANG_WARN_UNREACHABLE_CODE = YES;
				CLANG_WARN__DUPLICATE_METHOD_MATCH = YES;
				COPY_PHASE_STRIP = NO;
				DEBUG_INFORMATION_FORMAT = "dwarf-with-dsym";
				ENABLE_NS_ASSERTIONS = NO;
				ENABLE_STRICT_OBJC_MSGSEND = YES;
				ENABLE_USER_SCRIPT_SANDBOXING = YES;
				GCC_C_LANGUAGE_STANDARD = gnu17;
				GCC_NO_COMMON_BLOCKS = YES;
				GCC_WARN_64_TO_32_BIT_CONVERSION = YES;
				GCC_WARN_ABOUT_RETURN_TYPE = YES_ERROR;
				GCC_WARN_UNDECLARED_SELECTOR = YES;
				GCC_WARN_UNINITIALIZED_AUTOS = YES_AGGRESSIVE;
				GCC_WARN_UNUSED_FUNCTION = YES;
				GCC_WARN_UNUSED_VARIABLE = YES;
				IPHONEOS_DEPLOYMENT_TARGET = 17.5;
				LOCALIZATION_PREFERS_STRING_CATALOGS = YES;
				MTL_ENABLE_DEBUG_INFO = NO;
				MTL_FAST_MATH = YES;
				SDKROOT = iphoneos;
				SWIFT_COMPILATION_MODE = wholemodule;
				VALIDATE_PRODUCT = YES;
			};
			name = Release;
		};
		3FE7D62C2CB6FD5D00B2B994 /* Debug */ = {
			isa = XCBuildConfiguration;
			buildSettings = {
				ASSETCATALOG_COMPILER_APPICON_NAME = AppIcon;
				ASSETCATALOG_COMPILER_GLOBAL_ACCENT_COLOR_NAME = AccentColor;
				CODE_SIGN_STYLE = Automatic;
				CURRENT_PROJECT_VERSION = 1;
				GENERATE_INFOPLIST_FILE = YES;
				INFOPLIST_FILE = SaveMyDefaults.JerryG/Info.plist;
				INFOPLIST_KEY_UIApplicationSupportsIndirectInputEvents = YES;
				INFOPLIST_KEY_UILaunchStoryboardName = LaunchScreen;
				INFOPLIST_KEY_UIMainStoryboardFile = Main;
				INFOPLIST_KEY_UISupportedInterfaceOrientations_iPad = "UIInterfaceOrientationPortrait UIInterfaceOrientationPortraitUpsideDown UIInterfaceOrientationLandscapeLeft UIInterfaceOrientationLandscapeRight";
				INFOPLIST_KEY_UISupportedInterfaceOrientations_iPhone = "UIInterfaceOrientationPortrait UIInterfaceOrientationLandscapeLeft UIInterfaceOrientationLandscapeRight";
				LD_RUNPATH_SEARCH_PATHS = (
					"$(inherited)",
					"@executable_path/Frameworks",
				);
				MARKETING_VERSION = 1.0;
				PRODUCT_BUNDLE_IDENTIFIER = "Add157.SaveMyDefaults-JerryG";
				PRODUCT_NAME = "$(TARGET_NAME)";
				SWIFT_EMIT_LOC_STRINGS = YES;
				SWIFT_VERSION = 5.0;
				TARGETED_DEVICE_FAMILY = "1,2";
			};
			name = Debug;
		};
		3FE7D62D2CB6FD5D00B2B994 /* Release */ = {
			isa = XCBuildConfiguration;
			buildSettings = {
				ASSETCATALOG_COMPILER_APPICON_NAME = AppIcon;
				ASSETCATALOG_COMPILER_GLOBAL_ACCENT_COLOR_NAME = AccentColor;
				CODE_SIGN_STYLE = Automatic;
				CURRENT_PROJECT_VERSION = 1;
				GENERATE_INFOPLIST_FILE = YES;
				INFOPLIST_FILE = SaveMyDefaults.JerryG/Info.plist;
				INFOPLIST_KEY_UIApplicationSupportsIndirectInputEvents = YES;
				INFOPLIST_KEY_UILaunchStoryboardName = LaunchScreen;
				INFOPLIST_KEY_UIMainStoryboardFile = Main;
				INFOPLIST_KEY_UISupportedInterfaceOrientations_iPad = "UIInterfaceOrientationPortrait UIInterfaceOrientationPortraitUpsideDown UIInterfaceOrientationLandscapeLeft UIInterfaceOrientationLandscapeRight";
				INFOPLIST_KEY_UISupportedInterfaceOrientations_iPhone = "UIInterfaceOrientationPortrait UIInterfaceOrientationLandscapeLeft UIInterfaceOrientationLandscapeRight";
				LD_RUNPATH_SEARCH_PATHS = (
					"$(inherited)",
					"@executable_path/Frameworks",
				);
				MARKETING_VERSION = 1.0;
				PRODUCT_BUNDLE_IDENTIFIER = "Add157.SaveMyDefaults-JerryG";
				PRODUCT_NAME = "$(TARGET_NAME)";
				SWIFT_EMIT_LOC_STRINGS = YES;
				SWIFT_VERSION = 5.0;
				TARGETED_DEVICE_FAMILY = "1,2";
			};
			name = Release;
		};
		3FE7D62F2CB6FD5D00B2B994 /* Debug */ = {
			isa = XCBuildConfiguration;
			buildSettings = {
				ALWAYS_EMBED_SWIFT_STANDARD_LIBRARIES = YES;
				BUNDLE_LOADER = "$(TEST_HOST)";
				CODE_SIGN_STYLE = Automatic;
				CURRENT_PROJECT_VERSION = 1;
				GENERATE_INFOPLIST_FILE = YES;
				IPHONEOS_DEPLOYMENT_TARGET = 17.5;
				MARKETING_VERSION = 1.0;
				PRODUCT_BUNDLE_IDENTIFIER = "Add157.SaveMyDefaults-JerryGTests";
				PRODUCT_NAME = "$(TARGET_NAME)";
				SWIFT_EMIT_LOC_STRINGS = NO;
				SWIFT_VERSION = 5.0;
				TARGETED_DEVICE_FAMILY = "1,2";
				TEST_HOST = "$(BUILT_PRODUCTS_DIR)/SaveMyDefaults.JerryG.app/$(BUNDLE_EXECUTABLE_FOLDER_PATH)/SaveMyDefaults.JerryG";
			};
			name = Debug;
		};
		3FE7D6302CB6FD5D00B2B994 /* Release */ = {
			isa = XCBuildConfiguration;
			buildSettings = {
				ALWAYS_EMBED_SWIFT_STANDARD_LIBRARIES = YES;
				BUNDLE_LOADER = "$(TEST_HOST)";
				CODE_SIGN_STYLE = Automatic;
				CURRENT_PROJECT_VERSION = 1;
				GENERATE_INFOPLIST_FILE = YES;
				IPHONEOS_DEPLOYMENT_TARGET = 17.5;
				MARKETING_VERSION = 1.0;
				PRODUCT_BUNDLE_IDENTIFIER = "Add157.SaveMyDefaults-JerryGTests";
				PRODUCT_NAME = "$(TARGET_NAME)";
				SWIFT_EMIT_LOC_STRINGS = NO;
				SWIFT_VERSION = 5.0;
				TARGETED_DEVICE_FAMILY = "1,2";
				TEST_HOST = "$(BUILT_PRODUCTS_DIR)/SaveMyDefaults.JerryG.app/$(BUNDLE_EXECUTABLE_FOLDER_PATH)/SaveMyDefaults.JerryG";
			};
			name = Release;
		};
		3FE7D6322CB6FD5D00B2B994 /* Debug */ = {
			isa = XCBuildConfiguration;
			buildSettings = {
				ALWAYS_EMBED_SWIFT_STANDARD_LIBRARIES = YES;
				CODE_SIGN_STYLE = Automatic;
				CURRENT_PROJECT_VERSION = 1;
				GENERATE_INFOPLIST_FILE = YES;
				MARKETING_VERSION = 1.0;
				PRODUCT_BUNDLE_IDENTIFIER = "Add157.SaveMyDefaults-JerryGUITests";
				PRODUCT_NAME = "$(TARGET_NAME)";
				SWIFT_EMIT_LOC_STRINGS = NO;
				SWIFT_VERSION = 5.0;
				TARGETED_DEVICE_FAMILY = "1,2";
				TEST_TARGET_NAME = SaveMyDefaults.JerryG;
			};
			name = Debug;
		};
		3FE7D6332CB6FD5D00B2B994 /* Release */ = {
			isa = XCBuildConfiguration;
			buildSettings = {
				ALWAYS_EMBED_SWIFT_STANDARD_LIBRARIES = YES;
				CODE_SIGN_STYLE = Automatic;
				CURRENT_PROJECT_VERSION = 1;
				GENERATE_INFOPLIST_FILE = YES;
				MARKETING_VERSION = 1.0;
				PRODUCT_BUNDLE_IDENTIFIER = "Add157.SaveMyDefaults-JerryGUITests";
				PRODUCT_NAME = "$(TARGET_NAME)";
				SWIFT_EMIT_LOC_STRINGS = NO;
				SWIFT_VERSION = 5.0;
				TARGETED_DEVICE_FAMILY = "1,2";
				TEST_TARGET_NAME = SaveMyDefaults.JerryG;
			};
			name = Release;
		};
/* End XCBuildConfiguration section */

/* Begin XCConfigurationList section */
		3FE7D5FC2CB6FD5C00B2B994 /* Build configuration list for PBXProject "SaveMyDefaults.JerryG" */ = {
			isa = XCConfigurationList;
			buildConfigurations = (
				3FE7D6292CB6FD5D00B2B994 /* Debug */,
				3FE7D62A2CB6FD5D00B2B994 /* Release */,
			);
			defaultConfigurationIsVisible = 0;
			defaultConfigurationName = Release;
		};
		3FE7D62B2CB6FD5D00B2B994 /* Build configuration list for PBXNativeTarget "SaveMyDefaults.JerryG" */ = {
			isa = XCConfigurationList;
			buildConfigurations = (
				3FE7D62C2CB6FD5D00B2B994 /* Debug */,
				3FE7D62D2CB6FD5D00B2B994 /* Release */,
			);
			defaultConfigurationIsVisible = 0;
			defaultConfigurationName = Release;
		};
		3FE7D62E2CB6FD5D00B2B994 /* Build configuration list for PBXNativeTarget "SaveMyDefaults.JerryGTests" */ = {
			isa = XCConfigurationList;
			buildConfigurations = (
				3FE7D62F2CB6FD5D00B2B994 /* Debug */,
				3FE7D6302CB6FD5D00B2B994 /* Release */,
			);
			defaultConfigurationIsVisible = 0;
			defaultConfigurationName = Release;
		};
		3FE7D6312CB6FD5D00B2B994 /* Build configuration list for PBXNativeTarget "SaveMyDefaults.JerryGUITests" */ = {
			isa = XCConfigurationList;
			buildConfigurations = (
				3FE7D6322CB6FD5D00B2B994 /* Debug */,
				3FE7D6332CB6FD5D00B2B994 /* Release */,
			);
			defaultConfigurationIsVisible = 0;
			defaultConfigurationName = Release;
		};
/* End XCConfigurationList section */
	};
	rootObject = 3FE7D5F92CB6FD5C00B2B994 /* Project object */;
}
