// !$*UTF8*$!
{
	archiveVersion = 1;
	classes = {
	};
	objectVersion = 56;
	objects = {

/* Begin PBXBuildFile section */
		3F3293C02CADCBC60085B504 /* AppDelegate.swift in Sources */ = {isa = PBXBuildFile; fileRef = 3F3293BF2CADCBC60085B504 /* AppDelegate.swift */; };
		3F3293C22CADCBC60085B504 /* SceneDelegate.swift in Sources */ = {isa = PBXBuildFile; fileRef = 3F3293C12CADCBC60085B504 /* SceneDelegate.swift */; };
		3F3293C42CADCBC60085B504 /* ViewController.swift in Sources */ = {isa = PBXBuildFile; fileRef = 3F3293C32CADCBC60085B504 /* ViewController.swift */; };
		3F3293C72CADCBC60085B504 /* Base in Resources */ = {isa = PBXBuildFile; fileRef = 3F3293C62CADCBC60085B504 /* Base */; };
		3F3293C92CADCBC70085B504 /* Assets.xcassets in Resources */ = {isa = PBXBuildFile; fileRef = 3F3293C82CADCBC70085B504 /* Assets.xcassets */; };
		3F3293CC2CADCBC70085B504 /* Base in Resources */ = {isa = PBXBuildFile; fileRef = 3F3293CB2CADCBC70085B504 /* Base */; };
		3F3293D72CADCBC80085B504 /* TableViewVisualApp_JerryGTests.swift in Sources */ = {isa = PBXBuildFile; fileRef = 3F3293D62CADCBC80085B504 /* TableViewVisualApp_JerryGTests.swift */; };
		3F3293E12CADCBC80085B504 /* TableViewVisualApp_JerryGUITests.swift in Sources */ = {isa = PBXBuildFile; fileRef = 3F3293E02CADCBC80085B504 /* TableViewVisualApp_JerryGUITests.swift */; };
		3F3293E32CADCBC80085B504 /* TableViewVisualApp_JerryGUITestsLaunchTests.swift in Sources */ = {isa = PBXBuildFile; fileRef = 3F3293E22CADCBC80085B504 /* TableViewVisualApp_JerryGUITestsLaunchTests.swift */; };
/* End PBXBuildFile section */

/* Begin PBXContainerItemProxy section */
		3F3293D32CADCBC80085B504 /* PBXContainerItemProxy */ = {
			isa = PBXContainerItemProxy;
			containerPortal = 3F3293B42CADCBC60085B504 /* Project object */;
			proxyType = 1;
			remoteGlobalIDString = 3F3293BB2CADCBC60085B504;
			remoteInfo = TableViewVisualApp.JerryG;
		};
		3F3293DD2CADCBC80085B504 /* PBXContainerItemProxy */ = {
			isa = PBXContainerItemProxy;
			containerPortal = 3F3293B42CADCBC60085B504 /* Project object */;
			proxyType = 1;
			remoteGlobalIDString = 3F3293BB2CADCBC60085B504;
			remoteInfo = TableViewVisualApp.JerryG;
		};
/* End PBXContainerItemProxy section */

/* Begin PBXFileReference section */
		3F3293BC2CADCBC60085B504 /* TableViewVisualApp.JerryG.app */ = {isa = PBXFileReference; explicitFileType = wrapper.application; includeInIndex = 0; path = TableViewVisualApp.JerryG.app; sourceTree = BUILT_PRODUCTS_DIR; };
		3F3293BF2CADCBC60085B504 /* AppDelegate.swift */ = {isa = PBXFileReference; lastKnownFileType = sourcecode.swift; path = AppDelegate.swift; sourceTree = "<group>"; };
		3F3293C12CADCBC60085B504 /* SceneDelegate.swift */ = {isa = PBXFileReference; lastKnownFileType = sourcecode.swift; path = SceneDelegate.swift; sourceTree = "<group>"; };
		3F3293C32CADCBC60085B504 /* ViewController.swift */ = {isa = PBXFileReference; lastKnownFileType = sourcecode.swift; path = ViewController.swift; sourceTree = "<group>"; };
		3F3293C62CADCBC60085B504 /* Base */ = {isa = PBXFileReference; lastKnownFileType = file.storyboard; name = Base; path = Base.lproj/Main.storyboard; sourceTree = "<group>"; };
		3F3293C82CADCBC70085B504 /* Assets.xcassets */ = {isa = PBXFileReference; lastKnownFileType = folder.assetcatalog; path = Assets.xcassets; sourceTree = "<group>"; };
		3F3293CB2CADCBC70085B504 /* Base */ = {isa = PBXFileReference; lastKnownFileType = file.storyboard; name = Base; path = Base.lproj/LaunchScreen.storyboard; sourceTree = "<group>"; };
		3F3293CD2CADCBC70085B504 /* Info.plist */ = {isa = PBXFileReference; lastKnownFileType = text.plist.xml; path = Info.plist; sourceTree = "<group>"; };
		3F3293D22CADCBC80085B504 /* TableViewVisualApp.JerryGTests.xctest */ = {isa = PBXFileReference; explicitFileType = wrapper.cfbundle; includeInIndex = 0; path = TableViewVisualApp.JerryGTests.xctest; sourceTree = BUILT_PRODUCTS_DIR; };
		3F3293D62CADCBC80085B504 /* TableViewVisualApp_JerryGTests.swift */ = {isa = PBXFileReference; lastKnownFileType = sourcecode.swift; path = TableViewVisualApp_JerryGTests.swift; sourceTree = "<group>"; };
		3F3293DC2CADCBC80085B504 /* TableViewVisualApp.JerryGUITests.xctest */ = {isa = PBXFileReference; explicitFileType = wrapper.cfbundle; includeInIndex = 0; path = TableViewVisualApp.JerryGUITests.xctest; sourceTree = BUILT_PRODUCTS_DIR; };
		3F3293E02CADCBC80085B504 /* TableViewVisualApp_JerryGUITests.swift */ = {isa = PBXFileReference; lastKnownFileType = sourcecode.swift; path = TableViewVisualApp_JerryGUITests.swift; sourceTree = "<group>"; };
		3F3293E22CADCBC80085B504 /* TableViewVisualApp_JerryGUITestsLaunchTests.swift */ = {isa = PBXFileReference; lastKnownFileType = sourcecode.swift; path = TableViewVisualApp_JerryGUITestsLaunchTests.swift; sourceTree = "<group>"; };
/* End PBXFileReference section */

/* Begin PBXFrameworksBuildPhase section */
		3F3293B92CADCBC60085B504 /* Frameworks */ = {
			isa = PBXFrameworksBuildPhase;
			buildActionMask = 2147483647;
			files = (
			);
			runOnlyForDeploymentPostprocessing = 0;
		};
		3F3293CF2CADCBC80085B504 /* Frameworks */ = {
			isa = PBXFrameworksBuildPhase;
			buildActionMask = 2147483647;
			files = (
			);
			runOnlyForDeploymentPostprocessing = 0;
		};
		3F3293D92CADCBC80085B504 /* Frameworks */ = {
			isa = PBXFrameworksBuildPhase;
			buildActionMask = 2147483647;
			files = (
			);
			runOnlyForDeploymentPostprocessing = 0;
		};
/* End PBXFrameworksBuildPhase section */

/* Begin PBXGroup section */
		3F3293B32CADCBC60085B504 = {
			isa = PBXGroup;
			children = (
				3F3293BE2CADCBC60085B504 /* TableViewVisualApp.JerryG */,
				3F3293D52CADCBC80085B504 /* TableViewVisualApp.JerryGTests */,
				3F3293DF2CADCBC80085B504 /* TableViewVisualApp.JerryGUITests */,
				3F3293BD2CADCBC60085B504 /* Products */,
			);
			sourceTree = "<group>";
		};
		3F3293BD2CADCBC60085B504 /* Products */ = {
			isa = PBXGroup;
			children = (
				3F3293BC2CADCBC60085B504 /* TableViewVisualApp.JerryG.app */,
				3F3293D22CADCBC80085B504 /* TableViewVisualApp.JerryGTests.xctest */,
				3F3293DC2CADCBC80085B504 /* TableViewVisualApp.JerryGUITests.xctest */,
			);
			name = Products;
			sourceTree = "<group>";
		};
		3F3293BE2CADCBC60085B504 /* TableViewVisualApp.JerryG */ = {
			isa = PBXGroup;
			children = (
				3F3293BF2CADCBC60085B504 /* AppDelegate.swift */,
				3F3293C12CADCBC60085B504 /* SceneDelegate.swift */,
				3F3293C32CADCBC60085B504 /* ViewController.swift */,
				3F3293C52CADCBC60085B504 /* Main.storyboard */,
				3F3293C82CADCBC70085B504 /* Assets.xcassets */,
				3F3293CA2CADCBC70085B504 /* LaunchScreen.storyboard */,
				3F3293CD2CADCBC70085B504 /* Info.plist */,
			);
			path = TableViewVisualApp.JerryG;
			sourceTree = "<group>";
		};
		3F3293D52CADCBC80085B504 /* TableViewVisualApp.JerryGTests */ = {
			isa = PBXGroup;
			children = (
				3F3293D62CADCBC80085B504 /* TableViewVisualApp_JerryGTests.swift */,
			);
			path = TableViewVisualApp.JerryGTests;
			sourceTree = "<group>";
		};
		3F3293DF2CADCBC80085B504 /* TableViewVisualApp.JerryGUITests */ = {
			isa = PBXGroup;
			children = (
				3F3293E02CADCBC80085B504 /* TableViewVisualApp_JerryGUITests.swift */,
				3F3293E22CADCBC80085B504 /* TableViewVisualApp_JerryGUITestsLaunchTests.swift */,
			);
			path = TableViewVisualApp.JerryGUITests;
			sourceTree = "<group>";
		};
/* End PBXGroup section */

/* Begin PBXNativeTarget section */
		3F3293BB2CADCBC60085B504 /* TableViewVisualApp.JerryG */ = {
			isa = PBXNativeTarget;
			buildConfigurationList = 3F3293E62CADCBC80085B504 /* Build configuration list for PBXNativeTarget "TableViewVisualApp.JerryG" */;
			buildPhases = (
				3F3293B82CADCBC60085B504 /* Sources */,
				3F3293B92CADCBC60085B504 /* Frameworks */,
				3F3293BA2CADCBC60085B504 /* Resources */,
			);
			buildRules = (
			);
			dependencies = (
			);
			name = TableViewVisualApp.JerryG;
			productName = TableViewVisualApp.JerryG;
			productReference = 3F3293BC2CADCBC60085B504 /* TableViewVisualApp.JerryG.app */;
			productType = "com.apple.product-type.application";
		};
		3F3293D12CADCBC80085B504 /* TableViewVisualApp.JerryGTests */ = {
			isa = PBXNativeTarget;
			buildConfigurationList = 3F3293E92CADCBC80085B504 /* Build configuration list for PBXNativeTarget "TableViewVisualApp.JerryGTests" */;
			buildPhases = (
				3F3293CE2CADCBC80085B504 /* Sources */,
				3F3293CF2CADCBC80085B504 /* Frameworks */,
				3F3293D02CADCBC80085B504 /* Resources */,
			);
			buildRules = (
			);
			dependencies = (
				3F3293D42CADCBC80085B504 /* PBXTargetDependency */,
			);
			name = TableViewVisualApp.JerryGTests;
			productName = TableViewVisualApp.JerryGTests;
			productReference = 3F3293D22CADCBC80085B504 /* TableViewVisualApp.JerryGTests.xctest */;
			productType = "com.apple.product-type.bundle.unit-test";
		};
		3F3293DB2CADCBC80085B504 /* TableViewVisualApp.JerryGUITests */ = {
			isa = PBXNativeTarget;
			buildConfigurationList = 3F3293EC2CADCBC80085B504 /* Build configuration list for PBXNativeTarget "TableViewVisualApp.JerryGUITests" */;
			buildPhases = (
				3F3293D82CADCBC80085B504 /* Sources */,
				3F3293D92CADCBC80085B504 /* Frameworks */,
				3F3293DA2CADCBC80085B504 /* Resources */,
			);
			buildRules = (
			);
			dependencies = (
				3F3293DE2CADCBC80085B504 /* PBXTargetDependency */,
			);
			name = TableViewVisualApp.JerryGUITests;
			productName = TableViewVisualApp.JerryGUITests;
			productReference = 3F3293DC2CADCBC80085B504 /* TableViewVisualApp.JerryGUITests.xctest */;
			productType = "com.apple.product-type.bundle.ui-testing";
		};
/* End PBXNativeTarget section */

/* Begin PBXProject section */
		3F3293B42CADCBC60085B504 /* Project object */ = {
			isa = PBXProject;
			attributes = {
				BuildIndependentTargetsInParallel = 1;
				LastSwiftUpdateCheck = 1540;
				LastUpgradeCheck = 1540;
				TargetAttributes = {
					3F3293BB2CADCBC60085B504 = {
						CreatedOnToolsVersion = 15.4;
					};
					3F3293D12CADCBC80085B504 = {
						CreatedOnToolsVersion = 15.4;
						TestTargetID = 3F3293BB2CADCBC60085B504;
					};
					3F3293DB2CADCBC80085B504 = {
						CreatedOnToolsVersion = 15.4;
						TestTargetID = 3F3293BB2CADCBC60085B504;
					};
				};
			};
			buildConfigurationList = 3F3293B72CADCBC60085B504 /* Build configuration list for PBXProject "TableViewVisualApp.JerryG" */;
			compatibilityVersion = "Xcode 14.0";
			developmentRegion = en;
			hasScannedForEncodings = 0;
			knownRegions = (
				en,
				Base,
			);
			mainGroup = 3F3293B32CADCBC60085B504;
			productRefGroup = 3F3293BD2CADCBC60085B504 /* Products */;
			projectDirPath = "";
			projectRoot = "";
			targets = (
				3F3293BB2CADCBC60085B504 /* TableViewVisualApp.JerryG */,
				3F3293D12CADCBC80085B504 /* TableViewVisualApp.JerryGTests */,
				3F3293DB2CADCBC80085B504 /* TableViewVisualApp.JerryGUITests */,
			);
		};
/* End PBXProject section */

/* Begin PBXResourcesBuildPhase section */
		3F3293BA2CADCBC60085B504 /* Resources */ = {
			isa = PBXResourcesBuildPhase;
			buildActionMask = 2147483647;
			files = (
				3F3293C92CADCBC70085B504 /* Assets.xcassets in Resources */,
				3F3293CC2CADCBC70085B504 /* Base in Resources */,
				3F3293C72CADCBC60085B504 /* Base in Resources */,
			);
			runOnlyForDeploymentPostprocessing = 0;
		};
		3F3293D02CADCBC80085B504 /* Resources */ = {
			isa = PBXResourcesBuildPhase;
			buildActionMask = 2147483647;
			files = (
			);
			runOnlyForDeploymentPostprocessing = 0;
		};
		3F3293DA2CADCBC80085B504 /* Resources */ = {
			isa = PBXResourcesBuildPhase;
			buildActionMask = 2147483647;
			files = (
			);
			runOnlyForDeploymentPostprocessing = 0;
		};
/* End PBXResourcesBuildPhase section */

/* Begin PBXSourcesBuildPhase section */
		3F3293B82CADCBC60085B504 /* Sources */ = {
			isa = PBXSourcesBuildPhase;
			buildActionMask = 2147483647;
			files = (
				3F3293C42CADCBC60085B504 /* ViewController.swift in Sources */,
				3F3293C02CADCBC60085B504 /* AppDelegate.swift in Sources */,
				3F3293C22CADCBC60085B504 /* SceneDelegate.swift in Sources */,
			);
			runOnlyForDeploymentPostprocessing = 0;
		};
		3F3293CE2CADCBC80085B504 /* Sources */ = {
			isa = PBXSourcesBuildPhase;
			buildActionMask = 2147483647;
			files = (
				3F3293D72CADCBC80085B504 /* TableViewVisualApp_JerryGTests.swift in Sources */,
			);
			runOnlyForDeploymentPostprocessing = 0;
		};
		3F3293D82CADCBC80085B504 /* Sources */ = {
			isa = PBXSourcesBuildPhase;
			buildActionMask = 2147483647;
			files = (
				3F3293E12CADCBC80085B504 /* TableViewVisualApp_JerryGUITests.swift in Sources */,
				3F3293E32CADCBC80085B504 /* TableViewVisualApp_JerryGUITestsLaunchTests.swift in Sources */,
			);
			runOnlyForDeploymentPostprocessing = 0;
		};
/* End PBXSourcesBuildPhase section */

/* Begin PBXTargetDependency section */
		3F3293D42CADCBC80085B504 /* PBXTargetDependency */ = {
			isa = PBXTargetDependency;
			target = 3F3293BB2CADCBC60085B504 /* TableViewVisualApp.JerryG */;
			targetProxy = 3F3293D32CADCBC80085B504 /* PBXContainerItemProxy */;
		};
		3F3293DE2CADCBC80085B504 /* PBXTargetDependency */ = {
			isa = PBXTargetDependency;
			target = 3F3293BB2CADCBC60085B504 /* TableViewVisualApp.JerryG */;
			targetProxy = 3F3293DD2CADCBC80085B504 /* PBXContainerItemProxy */;
		};
/* End PBXTargetDependency section */

/* Begin PBXVariantGroup section */
		3F3293C52CADCBC60085B504 /* Main.storyboard */ = {
			isa = PBXVariantGroup;
			children = (
				3F3293C62CADCBC60085B504 /* Base */,
			);
			name = Main.storyboard;
			sourceTree = "<group>";
		};
		3F3293CA2CADCBC70085B504 /* LaunchScreen.storyboard */ = {
			isa = PBXVariantGroup;
			children = (
				3F3293CB2CADCBC70085B504 /* Base */,
			);
			name = LaunchScreen.storyboard;
			sourceTree = "<group>";
		};
/* End PBXVariantGroup section */

/* Begin XCBuildConfiguration section */
		3F3293E42CADCBC80085B504 /* Debug */ = {
			isa = XCBuildConfiguration;
			buildSettings = {
				ALWAYS_SEARCH_USER_PATHS = NO;
				ASSETCATALOG_COMPILER_GENERATE_SWIFT_ASSET_SYMBOL_EXTENSIONS = YES;
				CLANG_ANALYZER_NONNULL = YES;
				CLANG_ANALYZER_NUMBER_OBJECT_CONVERSION = YES_AGGRESSIVE;
				CLANG_CXX_LANGUAGE_STANDARD = "gnu++20";
				CLANG_ENABLE_MODULES = YES;
				CLANG_ENABLE_OBJC_ARC = YES;
				CLANG_ENABLE_OBJC_WEAK = YES;
				CLANG_WARN_BLOCK_CAPTURE_AUTORELEASING = YES;
				CLANG_WARN_BOOL_CONVERSION = YES;
				CLANG_WARN_COMMA = YES;
				CLANG_WARN_CONSTANT_CONVERSION = YES;
				CLANG_WARN_DEPRECATED_OBJC_IMPLEMENTATIONS = YES;
				CLANG_WARN_DIRECT_OBJC_ISA_USAGE = YES_ERROR;
				CLANG_WARN_DOCUMENTATION_COMMENTS = YES;
				CLANG_WARN_EMPTY_BODY = YES;
				CLANG_WARN_ENUM_CONVERSION = YES;
				CLANG_WARN_INFINITE_RECURSION = YES;
				CLANG_WARN_INT_CONVERSION = YES;
				CLANG_WARN_NON_LITERAL_NULL_CONVERSION = YES;
				CLANG_WARN_OBJC_IMPLICIT_RETAIN_SELF = YES;
				CLANG_WARN_OBJC_LITERAL_CONVERSION = YES;
				CLANG_WARN_OBJC_ROOT_CLASS = YES_ERROR;
				CLANG_WARN_QUOTED_INCLUDE_IN_FRAMEWORK_HEADER = YES;
				CLANG_WARN_RANGE_LOOP_ANALYSIS = YES;
				CLANG_WARN_STRICT_PROTOTYPES = YES;
				CLANG_WARN_SUSPICIOUS_MOVE = YES;
				CLANG_WARN_UNGUARDED_AVAILABILITY = YES_AGGRESSIVE;
				CLANG_WARN_UNREACHABLE_CODE = YES;
				CLANG_WARN__DUPLICATE_METHOD_MATCH = YES;
				COPY_PHASE_STRIP = NO;
				DEBUG_INFORMATION_FORMAT = dwarf;
				ENABLE_STRICT_OBJC_MSGSEND = YES;
				ENABLE_TESTABILITY = YES;
				ENABLE_USER_SCRIPT_SANDBOXING = YES;
				GCC_C_LANGUAGE_STANDARD = gnu17;
				GCC_DYNAMIC_NO_PIC = NO;
				GCC_NO_COMMON_BLOCKS = YES;
				GCC_OPTIMIZATION_LEVEL = 0;
				GCC_PREPROCESSOR_DEFINITIONS = (
					"DEBUG=1",
					"$(inherited)",
				);
				GCC_WARN_64_TO_32_BIT_CONVERSION = YES;
				GCC_WARN_ABOUT_RETURN_TYPE = YES_ERROR;
				GCC_WARN_UNDECLARED_SELECTOR = YES;
				GCC_WARN_UNINITIALIZED_AUTOS = YES_AGGRESSIVE;
				GCC_WARN_UNUSED_FUNCTION = YES;
				GCC_WARN_UNUSED_VARIABLE = YES;
				IPHONEOS_DEPLOYMENT_TARGET = 17.5;
				LOCALIZATION_PREFERS_STRING_CATALOGS = YES;
				MTL_ENABLE_DEBUG_INFO = INCLUDE_SOURCE;
				MTL_FAST_MATH = YES;
				ONLY_ACTIVE_ARCH = YES;
				SDKROOT = iphoneos;
				SWIFT_ACTIVE_COMPILATION_CONDITIONS = "DEBUG $(inherited)";
				SWIFT_OPTIMIZATION_LEVEL = "-Onone";
			};
			name = Debug;
		};
		3F3293E52CADCBC80085B504 /* Release */ = {
			isa = XCBuildConfiguration;
			buildSettings = {
				ALWAYS_SEARCH_USER_PATHS = NO;
				ASSETCATALOG_COMPILER_GENERATE_SWIFT_ASSET_SYMBOL_EXTENSIONS = YES;
				CLANG_ANALYZER_NONNULL = YES;
				CLANG_ANALYZER_NUMBER_OBJECT_CONVERSION = YES_AGGRESSIVE;
				CLANG_CXX_LANGUAGE_STANDARD = "gnu++20";
				CLANG_ENABLE_MODULES = YES;
				CLANG_ENABLE_OBJC_ARC = YES;
				CLANG_ENABLE_OBJC_WEAK = YES;
				CLANG_WARN_BLOCK_CAPTURE_AUTORELEASING = YES;
				CLANG_WARN_BOOL_CONVERSION = YES;
				CLANG_WARN_COMMA = YES;
				CLANG_WARN_CONSTANT_CONVERSION = YES;
				CLANG_WARN_DEPRECATED_OBJC_IMPLEMENTATIONS = YES;
				CLANG_WARN_DIRECT_OBJC_ISA_USAGE = YES_ERROR;
				CLANG_WARN_DOCUMENTATION_COMMENTS = YES;
				CLANG_WARN_EMPTY_BODY = YES;
				CLANG_WARN_ENUM_CONVERSION = YES;
				CLANG_WARN_INFINITE_RECURSION = YES;
				CLANG_WARN_INT_CONVERSION = YES;
				CLANG_WARN_NON_LITERAL_NULL_CONVERSION = YES;
				CLANG_WARN_OBJC_IMPLICIT_RETAIN_SELF = YES;
				CLANG_WARN_OBJC_LITERAL_CONVERSION = YES;
				CLANG_WARN_OBJC_ROOT_CLASS = YES_ERROR;
				CLANG_WARN_QUOTED_INCLUDE_IN_FRAMEWORK_HEADER = YES;
				CLANG_WARN_RANGE_LOOP_ANALYSIS = YES;
				CLANG_WARN_STRICT_PROTOTYPES = YES;
				CLANG_WARN_SUSPICIOUS_MOVE = YES;
				CLANG_WARN_UNGUARDED_AVAILABILITY = YES_AGGRESSIVE;
				CLANG_WARN_UNREACHABLE_CODE = YES;
				CLANG_WARN__DUPLICATE_METHOD_MATCH = YES;
				COPY_PHASE_STRIP = NO;
				DEBUG_INFORMATION_FORMAT = "dwarf-with-dsym";
				ENABLE_NS_ASSERTIONS = NO;
				ENABLE_STRICT_OBJC_MSGSEND = YES;
				ENABLE_USER_SCRIPT_SANDBOXING = YES;
				GCC_C_LANGUAGE_STANDARD = gnu17;
				GCC_NO_COMMON_BLOCKS = YES;
				GCC_WARN_64_TO_32_BIT_CONVERSION = YES;
				GCC_WARN_ABOUT_RETURN_TYPE = YES_ERROR;
				GCC_WARN_UNDECLARED_SELECTOR = YES;
				GCC_WARN_UNINITIALIZED_AUTOS = YES_AGGRESSIVE;
				GCC_WARN_UNUSED_FUNCTION = YES;
				GCC_WARN_UNUSED_VARIABLE = YES;
				IPHONEOS_DEPLOYMENT_TARGET = 17.5;
				LOCALIZATION_PREFERS_STRING_CATALOGS = YES;
				MTL_ENABLE_DEBUG_INFO = NO;
				MTL_FAST_MATH = YES;
				SDKROOT = iphoneos;
				SWIFT_COMPILATION_MODE = wholemodule;
				VALIDATE_PRODUCT = YES;
			};
			name = Release;
		};
		3F3293E72CADCBC80085B504 /* Debug */ = {
			isa = XCBuildConfiguration;
			buildSettings = {
				ASSETCATALOG_COMPILER_APPICON_NAME = AppIcon;
				ASSETCATALOG_COMPILER_GLOBAL_ACCENT_COLOR_NAME = AccentColor;
				CODE_SIGN_STYLE = Automatic;
				CURRENT_PROJECT_VERSION = 1;
				GENERATE_INFOPLIST_FILE = YES;
				INFOPLIST_FILE = TableViewVisualApp.JerryG/Info.plist;
				INFOPLIST_KEY_UIApplicationSupportsIndirectInputEvents = YES;
				INFOPLIST_KEY_UILaunchStoryboardName = LaunchScreen;
				INFOPLIST_KEY_UIMainStoryboardFile = Main;
				INFOPLIST_KEY_UISupportedInterfaceOrientations_iPad = "UIInterfaceOrientationPortrait UIInterfaceOrientationPortraitUpsideDown UIInterfaceOrientationLandscapeLeft UIInterfaceOrientationLandscapeRight";
				INFOPLIST_KEY_UISupportedInterfaceOrientations_iPhone = "UIInterfaceOrientationPortrait UIInterfaceOrientationLandscapeLeft UIInterfaceOrientationLandscapeRight";
				LD_RUNPATH_SEARCH_PATHS = (
					"$(inherited)",
					"@executable_path/Frameworks",
				);
				MARKETING_VERSION = 1.0;
				PRODUCT_BUNDLE_IDENTIFIER = "Add157.TableViewVisualApp-JerryG";
				PRODUCT_NAME = "$(TARGET_NAME)";
				SWIFT_EMIT_LOC_STRINGS = YES;
				SWIFT_VERSION = 5.0;
				TARGETED_DEVICE_FAMILY = "1,2";
			};
			name = Debug;
		};
		3F3293E82CADCBC80085B504 /* Release */ = {
			isa = XCBuildConfiguration;
			buildSettings = {
				ASSETCATALOG_COMPILER_APPICON_NAME = AppIcon;
				ASSETCATALOG_COMPILER_GLOBAL_ACCENT_COLOR_NAME = AccentColor;
				CODE_SIGN_STYLE = Automatic;
				CURRENT_PROJECT_VERSION = 1;
				GENERATE_INFOPLIST_FILE = YES;
				INFOPLIST_FILE = TableViewVisualApp.JerryG/Info.plist;
				INFOPLIST_KEY_UIApplicationSupportsIndirectInputEvents = YES;
				INFOPLIST_KEY_UILaunchStoryboardName = LaunchScreen;
				INFOPLIST_KEY_UIMainStoryboardFile = Main;
				INFOPLIST_KEY_UISupportedInterfaceOrientations_iPad = "UIInterfaceOrientationPortrait UIInterfaceOrientationPortraitUpsideDown UIInterfaceOrientationLandscapeLeft UIInterfaceOrientationLandscapeRight";
				INFOPLIST_KEY_UISupportedInterfaceOrientations_iPhone = "UIInterfaceOrientationPortrait UIInterfaceOrientationLandscapeLeft UIInterfaceOrientationLandscapeRight";
				LD_RUNPATH_SEARCH_PATHS = (
					"$(inherited)",
					"@executable_path/Frameworks",
				);
				MARKETING_VERSION = 1.0;
				PRODUCT_BUNDLE_IDENTIFIER = "Add157.TableViewVisualApp-JerryG";
				PRODUCT_NAME = "$(TARGET_NAME)";
				SWIFT_EMIT_LOC_STRINGS = YES;
				SWIFT_VERSION = 5.0;
				TARGETED_DEVICE_FAMILY = "1,2";
			};
			name = Release;
		};
		3F3293EA2CADCBC80085B504 /* Debug */ = {
			isa = XCBuildConfiguration;
			buildSettings = {
				ALWAYS_EMBED_SWIFT_STANDARD_LIBRARIES = YES;
				BUNDLE_LOADER = "$(TEST_HOST)";
				CODE_SIGN_STYLE = Automatic;
				CURRENT_PROJECT_VERSION = 1;
				GENERATE_INFOPLIST_FILE = YES;
				IPHONEOS_DEPLOYMENT_TARGET = 17.5;
				MARKETING_VERSION = 1.0;
				PRODUCT_BUNDLE_IDENTIFIER = "Add157.TableViewVisualApp-JerryGTests";
				PRODUCT_NAME = "$(TARGET_NAME)";
				SWIFT_EMIT_LOC_STRINGS = NO;
				SWIFT_VERSION = 5.0;
				TARGETED_DEVICE_FAMILY = "1,2";
				TEST_HOST = "$(BUILT_PRODUCTS_DIR)/TableViewVisualApp.JerryG.app/$(BUNDLE_EXECUTABLE_FOLDER_PATH)/TableViewVisualApp.JerryG";
			};
			name = Debug;
		};
		3F3293EB2CADCBC80085B504 /* Release */ = {
			isa = XCBuildConfiguration;
			buildSettings = {
				ALWAYS_EMBED_SWIFT_STANDARD_LIBRARIES = YES;
				BUNDLE_LOADER = "$(TEST_HOST)";
				CODE_SIGN_STYLE = Automatic;
				CURRENT_PROJECT_VERSION = 1;
				GENERATE_INFOPLIST_FILE = YES;
				IPHONEOS_DEPLOYMENT_TARGET = 17.5;
				MARKETING_VERSION = 1.0;
				PRODUCT_BUNDLE_IDENTIFIER = "Add157.TableViewVisualApp-JerryGTests";
				PRODUCT_NAME = "$(TARGET_NAME)";
				SWIFT_EMIT_LOC_STRINGS = NO;
				SWIFT_VERSION = 5.0;
				TARGETED_DEVICE_FAMILY = "1,2";
				TEST_HOST = "$(BUILT_PRODUCTS_DIR)/TableViewVisualApp.JerryG.app/$(BUNDLE_EXECUTABLE_FOLDER_PATH)/TableViewVisualApp.JerryG";
			};
			name = Release;
		};
		3F3293ED2CADCBC80085B504 /* Debug */ = {
			isa = XCBuildConfiguration;
			buildSettings = {
				ALWAYS_EMBED_SWIFT_STANDARD_LIBRARIES = YES;
				CODE_SIGN_STYLE = Automatic;
				CURRENT_PROJECT_VERSION = 1;
				GENERATE_INFOPLIST_FILE = YES;
				MARKETING_VERSION = 1.0;
				PRODUCT_BUNDLE_IDENTIFIER = "Add157.TableViewVisualApp-JerryGUITests";
				PRODUCT_NAME = "$(TARGET_NAME)";
				SWIFT_EMIT_LOC_STRINGS = NO;
				SWIFT_VERSION = 5.0;
				TARGETED_DEVICE_FAMILY = "1,2";
				TEST_TARGET_NAME = TableViewVisualApp.JerryG;
			};
			name = Debug;
		};
		3F3293EE2CADCBC80085B504 /* Release */ = {
			isa = XCBuildConfiguration;
			buildSettings = {
				ALWAYS_EMBED_SWIFT_STANDARD_LIBRARIES = YES;
				CODE_SIGN_STYLE = Automatic;
				CURRENT_PROJECT_VERSION = 1;
				GENERATE_INFOPLIST_FILE = YES;
				MARKETING_VERSION = 1.0;
				PRODUCT_BUNDLE_IDENTIFIER = "Add157.TableViewVisualApp-JerryGUITests";
				PRODUCT_NAME = "$(TARGET_NAME)";
				SWIFT_EMIT_LOC_STRINGS = NO;
				SWIFT_VERSION = 5.0;
				TARGETED_DEVICE_FAMILY = "1,2";
				TEST_TARGET_NAME = TableViewVisualApp.JerryG;
			};
			name = Release;
		};
/* End XCBuildConfiguration section */

/* Begin XCConfigurationList section */
		3F3293B72CADCBC60085B504 /* Build configuration list for PBXProject "TableViewVisualApp.JerryG" */ = {
			isa = XCConfigurationList;
			buildConfigurations = (
				3F3293E42CADCBC80085B504 /* Debug */,
				3F3293E52CADCBC80085B504 /* Release */,
			);
			defaultConfigurationIsVisible = 0;
			defaultConfigurationName = Release;
		};
		3F3293E62CADCBC80085B504 /* Build configuration list for PBXNativeTarget "TableViewVisualApp.JerryG" */ = {
			isa = XCConfigurationList;
			buildConfigurations = (
				3F3293E72CADCBC80085B504 /* Debug */,
				3F3293E82CADCBC80085B504 /* Release */,
			);
			defaultConfigurationIsVisible = 0;
			defaultConfigurationName = Release;
		};
		3F3293E92CADCBC80085B504 /* Build configuration list for PBXNativeTarget "TableViewVisualApp.JerryGTests" */ = {
			isa = XCConfigurationList;
			buildConfigurations = (
				3F3293EA2CADCBC80085B504 /* Debug */,
				3F3293EB2CADCBC80085B504 /* Release */,
			);
			defaultConfigurationIsVisible = 0;
			defaultConfigurationName = Release;
		};
		3F3293EC2CADCBC80085B504 /* Build configuration list for PBXNativeTarget "TableViewVisualApp.JerryGUITests" */ = {
			isa = XCConfigurationList;
			buildConfigurations = (
				3F3293ED2CADCBC80085B504 /* Debug */,
				3F3293EE2CADCBC80085B504 /* Release */,
			);
			defaultConfigurationIsVisible = 0;
			defaultConfigurationName = Release;
		};
/* End XCConfigurationList section */
	};
	rootObject = 3F3293B42CADCBC60085B504 /* Project object */;
}
